
Microsoft Visual Studio Solution File, Format Version 12.00
# Visual Studio Version 17
VisualStudioVersion = 17.10.35013.160
MinimumVisualStudioVersion = 10.0.40219.1
Project("{FAE04EC0-301F-11D3-BF4B-00C04F79EFBC}") = "mfc.Core", "mfc.Core\mfc.Core.csproj", "{5655FCC9-0442-4D53-BAEC-86AD1D2678E0}"
EndProject
Project("{FAE04EC0-301F-11D3-BF4B-00C04F79EFBC}") = "sample", "sample\sample.csproj", "{63FB9361-0304-4A45-8036-EEC6ED0149BA}"
EndProject
Global
	GlobalSection(SolutionConfigurationPlatforms) = preSolution
		Debug|Any CPU = Debug|Any CPU
		Release|Any CPU = Release|Any CPU
	EndGlobalSection
	GlobalSection(ProjectConfigurationPlatforms) = postSolution
		{5655FCC9-0442-4D53-BAEC-86AD1D2678E0}.Debug|Any CPU.ActiveCfg = Debug|Any CPU
		{5655FCC9-0442-4D53-BAEC-86AD1D2678E0}.Debug|Any CPU.Build.0 = Debug|Any CPU
		{5655FCC9-0442-4D53-BAEC-86AD1D2678E0}.Release|Any CPU.ActiveCfg = Release|Any CPU
		{5655FCC9-0442-4D53-BAEC-86AD1D2678E0}.Release|Any CPU.Build.0 = Release|Any CPU
		{63FB9361-0304-4A45-8036-EEC6ED0149BA}.Debug|Any CPU.ActiveCfg = Debug|Any CPU
		{63FB9361-0304-4A45-8036-EEC6ED0149BA}.Debug|Any CPU.Build.0 = Debug|Any CPU
		{63FB9361-0304-4A45-8036-EEC6ED0149BA}.Release|Any CPU.ActiveCfg = Release|Any CPU
		{63FB9361-0304-4A45-8036-EEC6ED0149BA}.Release|Any CPU.Build.0 = Release|Any CPU
	EndGlobalSection
	GlobalSection(SolutionProperties) = preSolution
		HideSolutionNode = FALSE
	EndGlobalSection
	GlobalSection(ExtensibilityGlobals) = postSolution
		SolutionGuid = {19E7180B-D8C1-45AD-9EAF-55413E9FCBFA}
	EndGlobalSection
EndGlobal
