
Microsoft Visual Studio Solution File, Format Version 12.00
# Visual Studio Version 17
VisualStudioVersion = 17.0.31903.59
MinimumVisualStudioVersion = 10.0.40219.1
Project("{9A19103F-16F7-4668-BE54-9A1E7A4F7556}") = "WebApi幂等性", "WebApi幂等性\WebApi幂等性.csproj", "{3D687483-F0EF-4EF7-A2CC-B54EBF3D170A}"
EndProject
Project("{FAE04EC0-301F-11D3-BF4B-00C04F79EFBC}") = "ConsoleApp", "ConsoleApp\ConsoleApp.csproj", "{2DC07D3D-AA70-4B3F-9E07-438CBECD8D49}"
EndProject
Global
	GlobalSection(SolutionConfigurationPlatforms) = preSolution
		Debug|Any CPU = Debug|Any CPU
		Release|Any CPU = Release|Any CPU
	EndGlobalSection
	GlobalSection(ProjectConfigurationPlatforms) = postSolution
		{3D687483-F0EF-4EF7-A2CC-B54EBF3D170A}.Debug|Any CPU.ActiveCfg = Debug|Any CPU
		{3D687483-F0EF-4EF7-A2CC-B54EBF3D170A}.Debug|Any CPU.Build.0 = Debug|Any CPU
		{3D687483-F0EF-4EF7-A2CC-B54EBF3D170A}.Release|Any CPU.ActiveCfg = Release|Any CPU
		{3D687483-F0EF-4EF7-A2CC-B54EBF3D170A}.Release|Any CPU.Build.0 = Release|Any CPU
		{2DC07D3D-AA70-4B3F-9E07-438CBECD8D49}.Debug|Any CPU.ActiveCfg = Debug|Any CPU
		{2DC07D3D-AA70-4B3F-9E07-438CBECD8D49}.Debug|Any CPU.Build.0 = Debug|Any CPU
		{2DC07D3D-AA70-4B3F-9E07-438CBECD8D49}.Release|Any CPU.ActiveCfg = Release|Any CPU
		{2DC07D3D-AA70-4B3F-9E07-438CBECD8D49}.Release|Any CPU.Build.0 = Release|Any CPU
	EndGlobalSection
	GlobalSection(SolutionProperties) = preSolution
		HideSolutionNode = FALSE
	EndGlobalSection
	GlobalSection(ExtensibilityGlobals) = postSolution
		SolutionGuid = {698D5B07-BF0C-4C92-8CB6-C33052F620A2}
	EndGlobalSection
EndGlobal
