
Microsoft Visual Studio Solution File, Format Version 12.00
# Visual Studio Version 16
VisualStudioVersion = 16.0.30320.27
MinimumVisualStudioVersion = 10.0.40219.1
Project("{FAE04EC0-301F-11D3-BF4B-00C04F79EFBC}") = "CustomAuthorizationFilter", "CustomAuthorizationFilter\CustomAuthorizationFilter.csproj", "{166D2BBE-84CE-4291-8AFE-2FBA0BF4807A}"
EndProject
Global
	GlobalSection(SolutionConfigurationPlatforms) = preSolution
		Debug|Any CPU = Debug|Any CPU
		Release|Any CPU = Release|Any CPU
	EndGlobalSection
	GlobalSection(ProjectConfigurationPlatforms) = postSolution
		{166D2BBE-84CE-4291-8AFE-2FBA0BF4807A}.Debug|Any CPU.ActiveCfg = Debug|Any CPU
		{166D2BBE-84CE-4291-8AFE-2FBA0BF4807A}.Debug|Any CPU.Build.0 = Debug|Any CPU
		{166D2BBE-84CE-4291-8AFE-2FBA0BF4807A}.Release|Any CPU.ActiveCfg = Release|Any CPU
		{166D2BBE-84CE-4291-8AFE-2FBA0BF4807A}.Release|Any CPU.Build.0 = Release|Any CPU
	EndGlobalSection
	GlobalSection(SolutionProperties) = preSolution
		HideSolutionNode = FALSE
	EndGlobalSection
	GlobalSection(ExtensibilityGlobals) = postSolution
		SolutionGuid = {0D9FDC27-3238-4053-9B92-219D2F7D3CFA}
	EndGlobalSection
EndGlobal
