
Microsoft Visual Studio Solution File, Format Version 12.00
# Visual Studio Version 17
VisualStudioVersion = 17.2.32630.192
MinimumVisualStudioVersion = 10.0.40219.1
Project("{FAE04EC0-301F-11D3-BF4B-00C04F79EFBC}") = "SourceGenerator", "ExtendProgram\SourceGenerator.csproj", "{1074904B-3AD0-46E8-B09B-4630A79005FB}"
EndProject
Global
	GlobalSection(SolutionConfigurationPlatforms) = preSolution
		Debug|Any CPU = Debug|Any CPU
		Release|Any CPU = Release|Any CPU
	EndGlobalSection
	GlobalSection(ProjectConfigurationPlatforms) = postSolution
		{1074904B-3AD0-46E8-B09B-4630A79005FB}.Debug|Any CPU.ActiveCfg = Debug|Any CPU
		{1074904B-3AD0-46E8-B09B-4630A79005FB}.Debug|Any CPU.Build.0 = Debug|Any CPU
		{1074904B-3AD0-46E8-B09B-4630A79005FB}.Release|Any CPU.ActiveCfg = Release|Any CPU
		{1074904B-3AD0-46E8-B09B-4630A79005FB}.Release|Any CPU.Build.0 = Release|Any CPU
	EndGlobalSection
	GlobalSection(SolutionProperties) = preSolution
		HideSolutionNode = FALSE
	EndGlobalSection
	GlobalSection(ExtensibilityGlobals) = postSolution
		SolutionGuid = {5BC44BF1-2920-454E-ACC5-0248B9321A16}
	EndGlobalSection
EndGlobal
