
Microsoft Visual Studio Solution File, Format Version 12.00
# Visual Studio Version 17
VisualStudioVersion = 17.12.35527.113
MinimumVisualStudioVersion = 10.0.40219.1
Project("{FAE04EC0-301F-11D3-BF4B-00C04F79EFBC}") = "DedupDemo", "DedupDemo\DedupDemo.csproj", "{FA62FD37-A173-4386-8B09-554AF2181847}"
EndProject
Project("{FAE04EC0-301F-11D3-BF4B-00C04F79EFBC}") = "MinHashSharp", "Util\MinHashSharp.csproj", "{28BAC831-81E5-4E5B-8339-CA6ED19AC642}"
EndProject
Project("{FAE04EC0-301F-11D3-BF4B-00C04F79EFBC}") = "ConsoleApp1", "ConsoleApp1\ConsoleApp1.csproj", "{2E9BEDD7-679D-4A75-94B0-D78FC1926750}"
EndProject
Global
	GlobalSection(SolutionConfigurationPlatforms) = preSolution
		Debug|Any CPU = Debug|Any CPU
		Release|Any CPU = Release|Any CPU
	EndGlobalSection
	GlobalSection(ProjectConfigurationPlatforms) = postSolution
		{FA62FD37-A173-4386-8B09-554AF2181847}.Debug|Any CPU.ActiveCfg = Debug|Any CPU
		{FA62FD37-A173-4386-8B09-554AF2181847}.Debug|Any CPU.Build.0 = Debug|Any CPU
		{FA62FD37-A173-4386-8B09-554AF2181847}.Release|Any CPU.ActiveCfg = Release|Any CPU
		{FA62FD37-A173-4386-8B09-554AF2181847}.Release|Any CPU.Build.0 = Release|Any CPU
		{28BAC831-81E5-4E5B-8339-CA6ED19AC642}.Debug|Any CPU.ActiveCfg = Debug|Any CPU
		{28BAC831-81E5-4E5B-8339-CA6ED19AC642}.Debug|Any CPU.Build.0 = Debug|Any CPU
		{28BAC831-81E5-4E5B-8339-CA6ED19AC642}.Release|Any CPU.ActiveCfg = Release|Any CPU
		{28BAC831-81E5-4E5B-8339-CA6ED19AC642}.Release|Any CPU.Build.0 = Release|Any CPU
		{2E9BEDD7-679D-4A75-94B0-D78FC1926750}.Debug|Any CPU.ActiveCfg = Debug|Any CPU
		{2E9BEDD7-679D-4A75-94B0-D78FC1926750}.Debug|Any CPU.Build.0 = Debug|Any CPU
		{2E9BEDD7-679D-4A75-94B0-D78FC1926750}.Release|Any CPU.ActiveCfg = Release|Any CPU
		{2E9BEDD7-679D-4A75-94B0-D78FC1926750}.Release|Any CPU.Build.0 = Release|Any CPU
	EndGlobalSection
	GlobalSection(SolutionProperties) = preSolution
		HideSolutionNode = FALSE
	EndGlobalSection
EndGlobal
