
Microsoft Visual Studio Solution File, Format Version 12.00
# Visual Studio Version 17
VisualStudioVersion = 17.14.37012.4 d17.14
MinimumVisualStudioVersion = 10.0.40219.1
Project("{FAE04EC0-301F-11D3-BF4B-00C04F79EFBC}") = "DotnetAgent", "DotnetAgent.csproj", "{991C4FBA-E6E2-9CBC-AD9A-E4AE00F51DA4}"
EndProject
Global
	GlobalSection(SolutionConfigurationPlatforms) = preSolution
		Debug|Any CPU = Debug|Any CPU
		Release|Any CPU = Release|Any CPU
	EndGlobalSection
	GlobalSection(ProjectConfigurationPlatforms) = postSolution
		{991C4FBA-E6E2-9CBC-AD9A-E4AE00F51DA4}.Debug|Any CPU.ActiveCfg = Debug|Any CPU
		{991C4FBA-E6E2-9CBC-AD9A-E4AE00F51DA4}.Debug|Any CPU.Build.0 = Debug|Any CPU
		{991C4FBA-E6E2-9CBC-AD9A-E4AE00F51DA4}.Release|Any CPU.ActiveCfg = Release|Any CPU
		{991C4FBA-E6E2-9CBC-AD9A-E4AE00F51DA4}.Release|Any CPU.Build.0 = Release|Any CPU
	EndGlobalSection
	GlobalSection(SolutionProperties) = preSolution
		HideSolutionNode = FALSE
	EndGlobalSection
	GlobalSection(ExtensibilityGlobals) = postSolution
		SolutionGuid = {4BAC0D10-DFF3-419F-B6B2-2FC6A6FCCA8D}
	EndGlobalSection
EndGlobal
