
Microsoft Visual Studio Solution File, Format Version 12.00
# Visual Studio Version 17
VisualStudioVersion = 17.14.36327.8 d17.14
MinimumVisualStudioVersion = 10.0.40219.1
Project("{FAE04EC0-301F-11D3-BF4B-00C04F79EFBC}") = "ECommerce.API", "ECommerce.API.csproj", "{6A20E287-D01D-9ED3-F125-A5A55DEE7706}"
EndProject
Project("{FAE04EC0-301F-11D3-BF4B-00C04F79EFBC}") = "ECommerce.Application", "..\ECommerce.Application\ECommerce.Application.csproj", "{13293242-2DF6-2F01-CF45-099892809546}"
EndProject
Project("{FAE04EC0-301F-11D3-BF4B-00C04F79EFBC}") = "ECommerce.Core", "..\ECommerce.Core\ECommerce.Core.csproj", "{7BE815AC-11F5-652E-1903-9D3CF106A617}"
EndProject
Project("{FAE04EC0-301F-11D3-BF4B-00C04F79EFBC}") = "ECommerce.Domain", "..\ECommerce.Domain\ECommerce.Domain.csproj", "{9E6CF250-8A87-AC5F-4526-766D30CB5533}"
EndProject
Project("{FAE04EC0-301F-11D3-BF4B-00C04F79EFBC}") = "ECommerce.Infrastructure", "..\ECommerce.Infrastructure\ECommerce.Infrastructure.csproj", "{19AD041D-DBA0-6CC5-B4EA-6E74AA87CDA4}"
EndProject
Global
	GlobalSection(SolutionConfigurationPlatforms) = preSolution
		Debug|Any CPU = Debug|Any CPU
		Release|Any CPU = Release|Any CPU
	EndGlobalSection
	GlobalSection(ProjectConfigurationPlatforms) = postSolution
		{6A20E287-D01D-9ED3-F125-A5A55DEE7706}.Debug|Any CPU.ActiveCfg = Debug|Any CPU
		{6A20E287-D01D-9ED3-F125-A5A55DEE7706}.Debug|Any CPU.Build.0 = Debug|Any CPU
		{6A20E287-D01D-9ED3-F125-A5A55DEE7706}.Release|Any CPU.ActiveCfg = Release|Any CPU
		{6A20E287-D01D-9ED3-F125-A5A55DEE7706}.Release|Any CPU.Build.0 = Release|Any CPU
		{13293242-2DF6-2F01-CF45-099892809546}.Debug|Any CPU.ActiveCfg = Debug|Any CPU
		{13293242-2DF6-2F01-CF45-099892809546}.Debug|Any CPU.Build.0 = Debug|Any CPU
		{13293242-2DF6-2F01-CF45-099892809546}.Release|Any CPU.ActiveCfg = Release|Any CPU
		{13293242-2DF6-2F01-CF45-099892809546}.Release|Any CPU.Build.0 = Release|Any CPU
		{7BE815AC-11F5-652E-1903-9D3CF106A617}.Debug|Any CPU.ActiveCfg = Debug|Any CPU
		{7BE815AC-11F5-652E-1903-9D3CF106A617}.Debug|Any CPU.Build.0 = Debug|Any CPU
		{7BE815AC-11F5-652E-1903-9D3CF106A617}.Release|Any CPU.ActiveCfg = Release|Any CPU
		{7BE815AC-11F5-652E-1903-9D3CF106A617}.Release|Any CPU.Build.0 = Release|Any CPU
		{9E6CF250-8A87-AC5F-4526-766D30CB5533}.Debug|Any CPU.ActiveCfg = Debug|Any CPU
		{9E6CF250-8A87-AC5F-4526-766D30CB5533}.Debug|Any CPU.Build.0 = Debug|Any CPU
		{9E6CF250-8A87-AC5F-4526-766D30CB5533}.Release|Any CPU.ActiveCfg = Release|Any CPU
		{9E6CF250-8A87-AC5F-4526-766D30CB5533}.Release|Any CPU.Build.0 = Release|Any CPU
		{19AD041D-DBA0-6CC5-B4EA-6E74AA87CDA4}.Debug|Any CPU.ActiveCfg = Debug|Any CPU
		{19AD041D-DBA0-6CC5-B4EA-6E74AA87CDA4}.Debug|Any CPU.Build.0 = Debug|Any CPU
		{19AD041D-DBA0-6CC5-B4EA-6E74AA87CDA4}.Release|Any CPU.ActiveCfg = Release|Any CPU
		{19AD041D-DBA0-6CC5-B4EA-6E74AA87CDA4}.Release|Any CPU.Build.0 = Release|Any CPU
	EndGlobalSection
	GlobalSection(SolutionProperties) = preSolution
		HideSolutionNode = FALSE
	EndGlobalSection
	GlobalSection(ExtensibilityGlobals) = postSolution
		SolutionGuid = {DA5DC435-4B07-4788-ABE4-7EBF93CE1E10}
	EndGlobalSection
EndGlobal
