
Microsoft Visual Studio Solution File, Format Version 12.00
# Visual Studio Version 16
VisualStudioVersion = 16.0.31410.357
MinimumVisualStudioVersion = 10.0.40219.1
Project("{FAE04EC0-301F-11D3-BF4B-00C04F79EFBC}") = "RestSharpClient", "RestSharpClient\RestSharpClient.csproj", "{2D44A88F-6318-4474-831B-953D3C81FC43}"
EndProject
Project("{FAE04EC0-301F-11D3-BF4B-00C04F79EFBC}") = "TestRestSharpComponent", "TestRestSharpComponent\TestRestSharpComponent.csproj", "{34A0CE03-FFBA-45EA-9E03-673FCDA6254D}"
EndProject
Project("{FAE04EC0-301F-11D3-BF4B-00C04F79EFBC}") = "WebApplication", "WebApplication\WebApplication.csproj", "{10884E24-355F-4CED-82E4-C9033FA28E84}"
EndProject
Global
	GlobalSection(SolutionConfigurationPlatforms) = preSolution
		Debug|Any CPU = Debug|Any CPU
		Release|Any CPU = Release|Any CPU
	EndGlobalSection
	GlobalSection(ProjectConfigurationPlatforms) = postSolution
		{2D44A88F-6318-4474-831B-953D3C81FC43}.Debug|Any CPU.ActiveCfg = Debug|Any CPU
		{2D44A88F-6318-4474-831B-953D3C81FC43}.Debug|Any CPU.Build.0 = Debug|Any CPU
		{2D44A88F-6318-4474-831B-953D3C81FC43}.Release|Any CPU.ActiveCfg = Release|Any CPU
		{2D44A88F-6318-4474-831B-953D3C81FC43}.Release|Any CPU.Build.0 = Release|Any CPU
		{34A0CE03-FFBA-45EA-9E03-673FCDA6254D}.Debug|Any CPU.ActiveCfg = Debug|Any CPU
		{34A0CE03-FFBA-45EA-9E03-673FCDA6254D}.Debug|Any CPU.Build.0 = Debug|Any CPU
		{34A0CE03-FFBA-45EA-9E03-673FCDA6254D}.Release|Any CPU.ActiveCfg = Release|Any CPU
		{34A0CE03-FFBA-45EA-9E03-673FCDA6254D}.Release|Any CPU.Build.0 = Release|Any CPU
		{10884E24-355F-4CED-82E4-C9033FA28E84}.Debug|Any CPU.ActiveCfg = Debug|Any CPU
		{10884E24-355F-4CED-82E4-C9033FA28E84}.Debug|Any CPU.Build.0 = Debug|Any CPU
		{10884E24-355F-4CED-82E4-C9033FA28E84}.Release|Any CPU.ActiveCfg = Release|Any CPU
		{10884E24-355F-4CED-82E4-C9033FA28E84}.Release|Any CPU.Build.0 = Release|Any CPU
	EndGlobalSection
	GlobalSection(SolutionProperties) = preSolution
		HideSolutionNode = FALSE
	EndGlobalSection
	GlobalSection(ExtensibilityGlobals) = postSolution
		SolutionGuid = {5D70F1B7-4E26-4C9F-B245-712788A64BF8}
	EndGlobalSection
EndGlobal
