Microsoft Visual Studio Solution File, Format Version 12.00
# Visual Studio Version 17
VisualStudioVersion = 17.5.2.0
MinimumVisualStudioVersion = 10.0.40219.1
Project("{FAE04EC0-301F-11D3-BF4B-00C04F79EFBC}") = "ChatAppAI", "ChatAppAI.csproj", "{32C95221-3EFE-A2C6-E643-34B1265D3E97}"
EndProject
Global
	GlobalSection(SolutionConfigurationPlatforms) = preSolution
		Debug|Any CPU = Debug|Any CPU
		Release|Any CPU = Release|Any CPU
	EndGlobalSection
	GlobalSection(ProjectConfigurationPlatforms) = postSolution
		{32C95221-3EFE-A2C6-E643-34B1265D3E97}.Debug|Any CPU.ActiveCfg = Debug|Any CPU
		{32C95221-3EFE-A2C6-E643-34B1265D3E97}.Debug|Any CPU.Build.0 = Debug|Any CPU
		{32C95221-3EFE-A2C6-E643-34B1265D3E97}.Release|Any CPU.ActiveCfg = Release|Any CPU
		{32C95221-3EFE-A2C6-E643-34B1265D3E97}.Release|Any CPU.Build.0 = Release|Any CPU
	EndGlobalSection
	GlobalSection(SolutionProperties) = preSolution
		HideSolutionNode = FALSE
	EndGlobalSection
	GlobalSection(ExtensibilityGlobals) = postSolution
		SolutionGuid = {B01D5D84-383F-4D75-A4AF-6D1EA43FA2E6}
	EndGlobalSection
EndGlobal
