
Microsoft Visual Studio Solution File, Format Version 12.00
# Visual Studio Version 16
VisualStudioVersion = 16.0.30406.217
MinimumVisualStudioVersion = 10.0.40219.1
Project("{FAE04EC0-301F-11D3-BF4B-00C04F79EFBC}") = "KafkaServer", "KafkaDemo\KafkaServer.csproj", "{DB260A2D-A30F-4703-BC3E-45A04CF3E8C9}"
EndProject
Project("{FAE04EC0-301F-11D3-BF4B-00C04F79EFBC}") = "KafkaClient", "KafkaClient\KafkaClient.csproj", "{9752EEC5-C79B-4881-AF23-E192AFE7E78D}"
EndProject
Global
	GlobalSection(SolutionConfigurationPlatforms) = preSolution
		Debug|Any CPU = Debug|Any CPU
		Release|Any CPU = Release|Any CPU
	EndGlobalSection
	GlobalSection(ProjectConfigurationPlatforms) = postSolution
		{DB260A2D-A30F-4703-BC3E-45A04CF3E8C9}.Debug|Any CPU.ActiveCfg = Debug|Any CPU
		{DB260A2D-A30F-4703-BC3E-45A04CF3E8C9}.Debug|Any CPU.Build.0 = Debug|Any CPU
		{DB260A2D-A30F-4703-BC3E-45A04CF3E8C9}.Release|Any CPU.ActiveCfg = Release|Any CPU
		{DB260A2D-A30F-4703-BC3E-45A04CF3E8C9}.Release|Any CPU.Build.0 = Release|Any CPU
		{9752EEC5-C79B-4881-AF23-E192AFE7E78D}.Debug|Any CPU.ActiveCfg = Debug|Any CPU
		{9752EEC5-C79B-4881-AF23-E192AFE7E78D}.Debug|Any CPU.Build.0 = Debug|Any CPU
		{9752EEC5-C79B-4881-AF23-E192AFE7E78D}.Release|Any CPU.ActiveCfg = Release|Any CPU
		{9752EEC5-C79B-4881-AF23-E192AFE7E78D}.Release|Any CPU.Build.0 = Release|Any CPU
	EndGlobalSection
	GlobalSection(SolutionProperties) = preSolution
		HideSolutionNode = FALSE
	EndGlobalSection
	GlobalSection(ExtensibilityGlobals) = postSolution
		SolutionGuid = {092E5464-BC10-4951-A2CD-5A53B534F764}
	EndGlobalSection
EndGlobal
