
Microsoft Visual Studio Solution File, Format Version 12.00
# Visual Studio Version 17
VisualStudioVersion = 17.4.33213.308
MinimumVisualStudioVersion = 10.0.40219.1
Project("{FAE04EC0-301F-11D3-BF4B-00C04F79EFBC}") = "Chat", "WebApplication\Chat.csproj", "{980030C5-EC24-4AF1-ACCF-9039C879CFF7}"
EndProject
Global
	GlobalSection(SolutionConfigurationPlatforms) = preSolution
		Debug|Any CPU = Debug|Any CPU
		Release|Any CPU = Release|Any CPU
	EndGlobalSection
	GlobalSection(ProjectConfigurationPlatforms) = postSolution
		{980030C5-EC24-4AF1-ACCF-9039C879CFF7}.Debug|Any CPU.ActiveCfg = Debug|Any CPU
		{980030C5-EC24-4AF1-ACCF-9039C879CFF7}.Debug|Any CPU.Build.0 = Debug|Any CPU
		{980030C5-EC24-4AF1-ACCF-9039C879CFF7}.Release|Any CPU.ActiveCfg = Release|Any CPU
		{980030C5-EC24-4AF1-ACCF-9039C879CFF7}.Release|Any CPU.Build.0 = Release|Any CPU
	EndGlobalSection
	GlobalSection(SolutionProperties) = preSolution
		HideSolutionNode = FALSE
	EndGlobalSection
	GlobalSection(ExtensibilityGlobals) = postSolution
		SolutionGuid = {0E67882D-214C-4138-BBD7-3C8DD01E9680}
	EndGlobalSection
EndGlobal
