
Microsoft Visual Studio Solution File, Format Version 12.00
# Visual Studio Version 17
VisualStudioVersion = 17.3.32825.248
MinimumVisualStudioVersion = 10.0.40219.1
Project("{FAE04EC0-301F-11D3-BF4B-00C04F79EFBC}") = "DataConsole", "DataConsole\DataConsole.csproj", "{433F2AB9-4E5C-4BB9-BCB5-EAC6A9950870}"
EndProject
Global
	GlobalSection(SolutionConfigurationPlatforms) = preSolution
		Debug|Any CPU = Debug|Any CPU
		Release|Any CPU = Release|Any CPU
	EndGlobalSection
	GlobalSection(ProjectConfigurationPlatforms) = postSolution
		{433F2AB9-4E5C-4BB9-BCB5-EAC6A9950870}.Debug|Any CPU.ActiveCfg = Debug|Any CPU
		{433F2AB9-4E5C-4BB9-BCB5-EAC6A9950870}.Debug|Any CPU.Build.0 = Debug|Any CPU
		{433F2AB9-4E5C-4BB9-BCB5-EAC6A9950870}.Release|Any CPU.ActiveCfg = Release|Any CPU
		{433F2AB9-4E5C-4BB9-BCB5-EAC6A9950870}.Release|Any CPU.Build.0 = Release|Any CPU
	EndGlobalSection
	GlobalSection(SolutionProperties) = preSolution
		HideSolutionNode = FALSE
	EndGlobalSection
	GlobalSection(ExtensibilityGlobals) = postSolution
		SolutionGuid = {4EB7D0AB-FF79-4E23-BF0E-C13514503DFF}
	EndGlobalSection
EndGlobal
