
Microsoft Visual Studio Solution File, Format Version 12.00
# Visual Studio Version 16
VisualStudioVersion = 16.0.30503.244
MinimumVisualStudioVersion = 10.0.40219.1
Project("{FAE04EC0-301F-11D3-BF4B-00C04F79EFBC}") = "RedisDemo", "RedisDemo\RedisDemo.csproj", "{E609AF60-993A-4CB2-A17C-03992FEF9DC2}"
EndProject
Global
	GlobalSection(SolutionConfigurationPlatforms) = preSolution
		Debug|Any CPU = Debug|Any CPU
		Release|Any CPU = Release|Any CPU
	EndGlobalSection
	GlobalSection(ProjectConfigurationPlatforms) = postSolution
		{E609AF60-993A-4CB2-A17C-03992FEF9DC2}.Debug|Any CPU.ActiveCfg = Debug|Any CPU
		{E609AF60-993A-4CB2-A17C-03992FEF9DC2}.Debug|Any CPU.Build.0 = Debug|Any CPU
		{E609AF60-993A-4CB2-A17C-03992FEF9DC2}.Release|Any CPU.ActiveCfg = Release|Any CPU
		{E609AF60-993A-4CB2-A17C-03992FEF9DC2}.Release|Any CPU.Build.0 = Release|Any CPU
	EndGlobalSection
	GlobalSection(SolutionProperties) = preSolution
		HideSolutionNode = FALSE
	EndGlobalSection
	GlobalSection(ExtensibilityGlobals) = postSolution
		SolutionGuid = {E0352F1D-8B02-4A87-81C7-A8DECFA83F39}
	EndGlobalSection
EndGlobal
