
Microsoft Visual Studio Solution File, Format Version 12.00
# Visual Studio Version 16
VisualStudioVersion = 16.0.30523.141
MinimumVisualStudioVersion = 10.0.40219.1
Project("{9A19103F-16F7-4668-BE54-9A1E7A4F7556}") = "EventBusDemo", "EventBusDemo\EventBusDemo.csproj", "{3A3408FE-5E56-4F62-8623-1957412C25C6}"
EndProject
Project("{FAE04EC0-301F-11D3-BF4B-00C04F79EFBC}") = "EventBusV2", "EventBusV2\EventBusV2.csproj", "{77E7408F-3858-41F0-A3E0-6803640530BB}"
EndProject
Project("{FAE04EC0-301F-11D3-BF4B-00C04F79EFBC}") = "EventBusV2Test", "EventBusV2Test\EventBusV2Test.csproj", "{DBF02F51-2D2D-4D5C-B9EE-4984DF46FB49}"
EndProject
Project("{FAE04EC0-301F-11D3-BF4B-00C04F79EFBC}") = "EventBusV3", "EventBusV3\EventBusV3.csproj", "{D163B2A9-FC3E-4EEB-A629-489312DA7B09}"
EndProject
Project("{FAE04EC0-301F-11D3-BF4B-00C04F79EFBC}") = "EventBusV3Test", "EventBusV3Test\EventBusV3Test.csproj", "{1F73B28C-3D6F-4CAC-A525-9434D01AF7FC}"
EndProject
Global
	GlobalSection(SolutionConfigurationPlatforms) = preSolution
		Debug|Any CPU = Debug|Any CPU
		Release|Any CPU = Release|Any CPU
	EndGlobalSection
	GlobalSection(ProjectConfigurationPlatforms) = postSolution
		{3A3408FE-5E56-4F62-8623-1957412C25C6}.Debug|Any CPU.ActiveCfg = Debug|Any CPU
		{3A3408FE-5E56-4F62-8623-1957412C25C6}.Debug|Any CPU.Build.0 = Debug|Any CPU
		{3A3408FE-5E56-4F62-8623-1957412C25C6}.Release|Any CPU.ActiveCfg = Release|Any CPU
		{3A3408FE-5E56-4F62-8623-1957412C25C6}.Release|Any CPU.Build.0 = Release|Any CPU
		{77E7408F-3858-41F0-A3E0-6803640530BB}.Debug|Any CPU.ActiveCfg = Debug|Any CPU
		{77E7408F-3858-41F0-A3E0-6803640530BB}.Debug|Any CPU.Build.0 = Debug|Any CPU
		{77E7408F-3858-41F0-A3E0-6803640530BB}.Release|Any CPU.ActiveCfg = Release|Any CPU
		{77E7408F-3858-41F0-A3E0-6803640530BB}.Release|Any CPU.Build.0 = Release|Any CPU
		{DBF02F51-2D2D-4D5C-B9EE-4984DF46FB49}.Debug|Any CPU.ActiveCfg = Debug|Any CPU
		{DBF02F51-2D2D-4D5C-B9EE-4984DF46FB49}.Debug|Any CPU.Build.0 = Debug|Any CPU
		{DBF02F51-2D2D-4D5C-B9EE-4984DF46FB49}.Release|Any CPU.ActiveCfg = Release|Any CPU
		{DBF02F51-2D2D-4D5C-B9EE-4984DF46FB49}.Release|Any CPU.Build.0 = Release|Any CPU
		{D163B2A9-FC3E-4EEB-A629-489312DA7B09}.Debug|Any CPU.ActiveCfg = Debug|Any CPU
		{D163B2A9-FC3E-4EEB-A629-489312DA7B09}.Debug|Any CPU.Build.0 = Debug|Any CPU
		{D163B2A9-FC3E-4EEB-A629-489312DA7B09}.Release|Any CPU.ActiveCfg = Release|Any CPU
		{D163B2A9-FC3E-4EEB-A629-489312DA7B09}.Release|Any CPU.Build.0 = Release|Any CPU
		{1F73B28C-3D6F-4CAC-A525-9434D01AF7FC}.Debug|Any CPU.ActiveCfg = Debug|Any CPU
		{1F73B28C-3D6F-4CAC-A525-9434D01AF7FC}.Debug|Any CPU.Build.0 = Debug|Any CPU
		{1F73B28C-3D6F-4CAC-A525-9434D01AF7FC}.Release|Any CPU.ActiveCfg = Release|Any CPU
		{1F73B28C-3D6F-4CAC-A525-9434D01AF7FC}.Release|Any CPU.Build.0 = Release|Any CPU
	EndGlobalSection
	GlobalSection(SolutionProperties) = preSolution
		HideSolutionNode = FALSE
	EndGlobalSection
	GlobalSection(ExtensibilityGlobals) = postSolution
		SolutionGuid = {790ABF1C-9B20-4130-A4CD-EAFA6E903CE2}
	EndGlobalSection
EndGlobal
