Microsoft Visual Studio Solution File, Format Version 12.00
# Visual Studio Version 17
VisualStudioVersion = 17.5.2.0
MinimumVisualStudioVersion = 10.0.40219.1
Project("{FAE04EC0-301F-11D3-BF4B-00C04F79EFBC}") = "Agent", "Agent\Agent.csproj", "{B87AA01F-9005-1EA2-E815-60C1272544BD}"
EndProject
Global
	GlobalSection(SolutionConfigurationPlatforms) = preSolution
		Debug|Any CPU = Debug|Any CPU
		Release|Any CPU = Release|Any CPU
	EndGlobalSection
	GlobalSection(ProjectConfigurationPlatforms) = postSolution
		{B87AA01F-9005-1EA2-E815-60C1272544BD}.Debug|Any CPU.ActiveCfg = Debug|Any CPU
		{B87AA01F-9005-1EA2-E815-60C1272544BD}.Debug|Any CPU.Build.0 = Debug|Any CPU
		{B87AA01F-9005-1EA2-E815-60C1272544BD}.Release|Any CPU.ActiveCfg = Release|Any CPU
		{B87AA01F-9005-1EA2-E815-60C1272544BD}.Release|Any CPU.Build.0 = Release|Any CPU
	EndGlobalSection
	GlobalSection(SolutionProperties) = preSolution
		HideSolutionNode = FALSE
	EndGlobalSection
	GlobalSection(ExtensibilityGlobals) = postSolution
		SolutionGuid = {B3B245C7-B6F1-4896-BD38-51C8226C0CBE}
	EndGlobalSection
EndGlobal
