
Microsoft Visual Studio Solution File, Format Version 12.00
# Visual Studio Version 17
VisualStudioVersion = 17.1.32228.430
MinimumVisualStudioVersion = 10.0.40219.1
Project("{FAE04EC0-301F-11D3-BF4B-00C04F79EFBC}") = "ChannelDemo", "ChannelDemo\ChannelDemo.csproj", "{5A675363-52B2-44F8-AD57-81FA87817254}"
EndProject
Project("{FAE04EC0-301F-11D3-BF4B-00C04F79EFBC}") = "Next", "Next\Next.csproj", "{FE8FA1EB-35D7-4947-B89D-BB66CE0B9EC8}"
EndProject
Project("{FAE04EC0-301F-11D3-BF4B-00C04F79EFBC}") = "HowToUseChannels", "HowToUseChannels\HowToUseChannels.csproj", "{2BD4BDF6-0895-49C8-8118-902D31CC25A8}"
EndProject
Global
	GlobalSection(SolutionConfigurationPlatforms) = preSolution
		Debug|Any CPU = Debug|Any CPU
		Release|Any CPU = Release|Any CPU
	EndGlobalSection
	GlobalSection(ProjectConfigurationPlatforms) = postSolution
		{5A675363-52B2-44F8-AD57-81FA87817254}.Debug|Any CPU.ActiveCfg = Debug|Any CPU
		{5A675363-52B2-44F8-AD57-81FA87817254}.Debug|Any CPU.Build.0 = Debug|Any CPU
		{5A675363-52B2-44F8-AD57-81FA87817254}.Release|Any CPU.ActiveCfg = Release|Any CPU
		{5A675363-52B2-44F8-AD57-81FA87817254}.Release|Any CPU.Build.0 = Release|Any CPU
		{FE8FA1EB-35D7-4947-B89D-BB66CE0B9EC8}.Debug|Any CPU.ActiveCfg = Debug|Any CPU
		{FE8FA1EB-35D7-4947-B89D-BB66CE0B9EC8}.Debug|Any CPU.Build.0 = Debug|Any CPU
		{FE8FA1EB-35D7-4947-B89D-BB66CE0B9EC8}.Release|Any CPU.ActiveCfg = Release|Any CPU
		{FE8FA1EB-35D7-4947-B89D-BB66CE0B9EC8}.Release|Any CPU.Build.0 = Release|Any CPU
		{2BD4BDF6-0895-49C8-8118-902D31CC25A8}.Debug|Any CPU.ActiveCfg = Debug|Any CPU
		{2BD4BDF6-0895-49C8-8118-902D31CC25A8}.Debug|Any CPU.Build.0 = Debug|Any CPU
		{2BD4BDF6-0895-49C8-8118-902D31CC25A8}.Release|Any CPU.ActiveCfg = Release|Any CPU
		{2BD4BDF6-0895-49C8-8118-902D31CC25A8}.Release|Any CPU.Build.0 = Release|Any CPU
	EndGlobalSection
	GlobalSection(SolutionProperties) = preSolution
		HideSolutionNode = FALSE
	EndGlobalSection
	GlobalSection(ExtensibilityGlobals) = postSolution
		SolutionGuid = {9C660D70-0D5E-4DDF-BABB-74C1CEB5BEB7}
	EndGlobalSection
EndGlobal
