
Microsoft Visual Studio Solution File, Format Version 12.00
# Visual Studio Version 17
VisualStudioVersion = 17.4.33205.214
MinimumVisualStudioVersion = 10.0.40219.1
Project("{FAE04EC0-301F-11D3-BF4B-00C04F79EFBC}") = "MyIOC", "MyIOC\MyIOC.csproj", "{523D269D-35BD-4312-A9C1-A909DE4EE856}"
EndProject
Global
	GlobalSection(SolutionConfigurationPlatforms) = preSolution
		Debug|Any CPU = Debug|Any CPU
		Release|Any CPU = Release|Any CPU
	EndGlobalSection
	GlobalSection(ProjectConfigurationPlatforms) = postSolution
		{523D269D-35BD-4312-A9C1-A909DE4EE856}.Debug|Any CPU.ActiveCfg = Debug|Any CPU
		{523D269D-35BD-4312-A9C1-A909DE4EE856}.Debug|Any CPU.Build.0 = Debug|Any CPU
		{523D269D-35BD-4312-A9C1-A909DE4EE856}.Release|Any CPU.ActiveCfg = Release|Any CPU
		{523D269D-35BD-4312-A9C1-A909DE4EE856}.Release|Any CPU.Build.0 = Release|Any CPU
	EndGlobalSection
	GlobalSection(SolutionProperties) = preSolution
		HideSolutionNode = FALSE
	EndGlobalSection
	GlobalSection(ExtensibilityGlobals) = postSolution
		SolutionGuid = {377910CE-FCB1-4EE3-9EE1-C43A297F97E8}
	EndGlobalSection
EndGlobal
