
Microsoft Visual Studio Solution File, Format Version 12.00
# Visual Studio Version 17
VisualStudioVersion = 17.4.33205.214
MinimumVisualStudioVersion = 10.0.40219.1
Project("{9A19103F-16F7-4668-BE54-9A1E7A4F7556}") = "Queue", "WebApi\Queue.csproj", "{8A67FCC0-DEDE-4D81-9707-BBBACB954D56}"
EndProject
Project("{2150E333-8FDC-42A3-9474-1A3956D46DE8}") = "DeadLetters", "DeadLetters", "{F0AFE593-A3E8-435B-BAD4-C5CC955E3835}"
EndProject
Project("{FAE04EC0-301F-11D3-BF4B-00C04F79EFBC}") = "DeadQueue", "App\DeadQueue.csproj", "{A8DB2D7D-347A-44FA-B989-5C617EEB8823}"
EndProject
Global
	GlobalSection(SolutionConfigurationPlatforms) = preSolution
		Debug|Any CPU = Debug|Any CPU
		Release|Any CPU = Release|Any CPU
	EndGlobalSection
	GlobalSection(ProjectConfigurationPlatforms) = postSolution
		{8A67FCC0-DEDE-4D81-9707-BBBACB954D56}.Debug|Any CPU.ActiveCfg = Debug|Any CPU
		{8A67FCC0-DEDE-4D81-9707-BBBACB954D56}.Debug|Any CPU.Build.0 = Debug|Any CPU
		{8A67FCC0-DEDE-4D81-9707-BBBACB954D56}.Release|Any CPU.ActiveCfg = Release|Any CPU
		{8A67FCC0-DEDE-4D81-9707-BBBACB954D56}.Release|Any CPU.Build.0 = Release|Any CPU
		{A8DB2D7D-347A-44FA-B989-5C617EEB8823}.Debug|Any CPU.ActiveCfg = Debug|Any CPU
		{A8DB2D7D-347A-44FA-B989-5C617EEB8823}.Debug|Any CPU.Build.0 = Debug|Any CPU
		{A8DB2D7D-347A-44FA-B989-5C617EEB8823}.Release|Any CPU.ActiveCfg = Release|Any CPU
		{A8DB2D7D-347A-44FA-B989-5C617EEB8823}.Release|Any CPU.Build.0 = Release|Any CPU
	EndGlobalSection
	GlobalSection(SolutionProperties) = preSolution
		HideSolutionNode = FALSE
	EndGlobalSection
	GlobalSection(NestedProjects) = preSolution
		{A8DB2D7D-347A-44FA-B989-5C617EEB8823} = {F0AFE593-A3E8-435B-BAD4-C5CC955E3835}
	EndGlobalSection
	GlobalSection(ExtensibilityGlobals) = postSolution
		SolutionGuid = {1B37D8DC-13CC-412E-BC72-F830651F954B}
	EndGlobalSection
EndGlobal
