
Microsoft Visual Studio Solution File, Format Version 12.00
# Visual Studio Version 17
VisualStudioVersion = 17.4.33205.214
MinimumVisualStudioVersion = 10.0.40219.1
Project("{FAE04EC0-301F-11D3-BF4B-00C04F79EFBC}") = "WebApi", "WebApi\WebApi.csproj", "{8A67FCC0-DEDE-4D81-9707-BBBACB954D56}"
EndProject
Global
	GlobalSection(SolutionConfigurationPlatforms) = preSolution
		Debug|Any CPU = Debug|Any CPU
		Release|Any CPU = Release|Any CPU
	EndGlobalSection
	GlobalSection(ProjectConfigurationPlatforms) = postSolution
		{8A67FCC0-DEDE-4D81-9707-BBBACB954D56}.Debug|Any CPU.ActiveCfg = Debug|Any CPU
		{8A67FCC0-DEDE-4D81-9707-BBBACB954D56}.Debug|Any CPU.Build.0 = Debug|Any CPU
		{8A67FCC0-DEDE-4D81-9707-BBBACB954D56}.Release|Any CPU.ActiveCfg = Release|Any CPU
		{8A67FCC0-DEDE-4D81-9707-BBBACB954D56}.Release|Any CPU.Build.0 = Release|Any CPU
	EndGlobalSection
	GlobalSection(SolutionProperties) = preSolution
		HideSolutionNode = FALSE
	EndGlobalSection
	GlobalSection(ExtensibilityGlobals) = postSolution
		SolutionGuid = {1B37D8DC-13CC-412E-BC72-F830651F954B}
	EndGlobalSection
EndGlobal
