
Microsoft Visual Studio Solution File, Format Version 12.00
# Visual Studio Version 17
VisualStudioVersion = 17.4.33110.190
MinimumVisualStudioVersion = 10.0.40219.1
Project("{FAE04EC0-301F-11D3-BF4B-00C04F79EFBC}") = "BlazorApp.Server", "BlazorApp\Server\BlazorApp.Server.csproj", "{AA3B1A24-093E-4EA0-8562-EAAD9AF2F8F1}"
EndProject
Project("{FAE04EC0-301F-11D3-BF4B-00C04F79EFBC}") = "BlazorApp.Client", "BlazorApp\Client\BlazorApp.Client.csproj", "{BF061879-ECE9-48F2-AE5D-E68A4D7DC048}"
EndProject
Project("{FAE04EC0-301F-11D3-BF4B-00C04F79EFBC}") = "BlazorApp.Shared", "BlazorApp\Shared\BlazorApp.Shared.csproj", "{BFA9E00C-78F8-41E4-A077-902A2FF5C334}"
EndProject
Project("{FAE04EC0-301F-11D3-BF4B-00C04F79EFBC}") = "WebApi", "WebApi\WebApi.csproj", "{0DEB5E6D-911E-4134-9F43-3707216EA07A}"
EndProject
Global
	GlobalSection(SolutionConfigurationPlatforms) = preSolution
		Debug|Any CPU = Debug|Any CPU
		Release|Any CPU = Release|Any CPU
	EndGlobalSection
	GlobalSection(ProjectConfigurationPlatforms) = postSolution
		{AA3B1A24-093E-4EA0-8562-EAAD9AF2F8F1}.Debug|Any CPU.ActiveCfg = Debug|Any CPU
		{AA3B1A24-093E-4EA0-8562-EAAD9AF2F8F1}.Debug|Any CPU.Build.0 = Debug|Any CPU
		{AA3B1A24-093E-4EA0-8562-EAAD9AF2F8F1}.Release|Any CPU.ActiveCfg = Release|Any CPU
		{AA3B1A24-093E-4EA0-8562-EAAD9AF2F8F1}.Release|Any CPU.Build.0 = Release|Any CPU
		{BF061879-ECE9-48F2-AE5D-E68A4D7DC048}.Debug|Any CPU.ActiveCfg = Debug|Any CPU
		{BF061879-ECE9-48F2-AE5D-E68A4D7DC048}.Debug|Any CPU.Build.0 = Debug|Any CPU
		{BF061879-ECE9-48F2-AE5D-E68A4D7DC048}.Release|Any CPU.ActiveCfg = Release|Any CPU
		{BF061879-ECE9-48F2-AE5D-E68A4D7DC048}.Release|Any CPU.Build.0 = Release|Any CPU
		{BFA9E00C-78F8-41E4-A077-902A2FF5C334}.Debug|Any CPU.ActiveCfg = Debug|Any CPU
		{BFA9E00C-78F8-41E4-A077-902A2FF5C334}.Debug|Any CPU.Build.0 = Debug|Any CPU
		{BFA9E00C-78F8-41E4-A077-902A2FF5C334}.Release|Any CPU.ActiveCfg = Release|Any CPU
		{BFA9E00C-78F8-41E4-A077-902A2FF5C334}.Release|Any CPU.Build.0 = Release|Any CPU
		{0DEB5E6D-911E-4134-9F43-3707216EA07A}.Debug|Any CPU.ActiveCfg = Debug|Any CPU
		{0DEB5E6D-911E-4134-9F43-3707216EA07A}.Debug|Any CPU.Build.0 = Debug|Any CPU
		{0DEB5E6D-911E-4134-9F43-3707216EA07A}.Release|Any CPU.ActiveCfg = Release|Any CPU
		{0DEB5E6D-911E-4134-9F43-3707216EA07A}.Release|Any CPU.Build.0 = Release|Any CPU
	EndGlobalSection
	GlobalSection(SolutionProperties) = preSolution
		HideSolutionNode = FALSE
	EndGlobalSection
	GlobalSection(ExtensibilityGlobals) = postSolution
		SolutionGuid = {9887DCB7-8CD6-4D61-AB0E-04384AB61D06}
	EndGlobalSection
EndGlobal
