
Microsoft Visual Studio Solution File, Format Version 12.00
# Visual Studio Version 17
VisualStudioVersion = 17.0.31919.166
MinimumVisualStudioVersion = 10.0.40219.1
Project("{FAE04EC0-301F-11D3-BF4B-00C04F79EFBC}") = "JsonTest", "JsonTest\JsonTest.csproj", "{426453E2-F497-4E41-BA63-A975FAE92105}"
EndProject
Global
	GlobalSection(SolutionConfigurationPlatforms) = preSolution
		Debug|Any CPU = Debug|Any CPU
		Release|Any CPU = Release|Any CPU
	EndGlobalSection
	GlobalSection(ProjectConfigurationPlatforms) = postSolution
		{426453E2-F497-4E41-BA63-A975FAE92105}.Debug|Any CPU.ActiveCfg = Debug|Any CPU
		{426453E2-F497-4E41-BA63-A975FAE92105}.Debug|Any CPU.Build.0 = Debug|Any CPU
		{426453E2-F497-4E41-BA63-A975FAE92105}.Release|Any CPU.ActiveCfg = Release|Any CPU
		{426453E2-F497-4E41-BA63-A975FAE92105}.Release|Any CPU.Build.0 = Release|Any CPU
	EndGlobalSection
	GlobalSection(SolutionProperties) = preSolution
		HideSolutionNode = FALSE
	EndGlobalSection
	GlobalSection(ExtensibilityGlobals) = postSolution
		SolutionGuid = {68214349-3805-4277-9DA9-706BE35C7D69}
	EndGlobalSection
EndGlobal
