
Microsoft Visual Studio Solution File, Format Version 12.00
# Visual Studio Version 17
VisualStudioVersion = 17.10.35013.160
MinimumVisualStudioVersion = 10.0.40219.1
Project("{FAE04EC0-301F-11D3-BF4B-00C04F79EFBC}") = "customIdentity", "customIdentity\customIdentity.csproj", "{61B377E6-FD98-482F-AE2C-6A474F91EEED}"
EndProject
Global
	GlobalSection(SolutionConfigurationPlatforms) = preSolution
		Debug|Any CPU = Debug|Any CPU
		Release|Any CPU = Release|Any CPU
	EndGlobalSection
	GlobalSection(ProjectConfigurationPlatforms) = postSolution
		{61B377E6-FD98-482F-AE2C-6A474F91EEED}.Debug|Any CPU.ActiveCfg = Debug|Any CPU
		{61B377E6-FD98-482F-AE2C-6A474F91EEED}.Debug|Any CPU.Build.0 = Debug|Any CPU
		{61B377E6-FD98-482F-AE2C-6A474F91EEED}.Release|Any CPU.ActiveCfg = Release|Any CPU
		{61B377E6-FD98-482F-AE2C-6A474F91EEED}.Release|Any CPU.Build.0 = Release|Any CPU
	EndGlobalSection
	GlobalSection(SolutionProperties) = preSolution
		HideSolutionNode = FALSE
	EndGlobalSection
	GlobalSection(ExtensibilityGlobals) = postSolution
		SolutionGuid = {A6D54258-5BD5-4A2D-8846-5188A69C524E}
	EndGlobalSection
EndGlobal
