
Microsoft Visual Studio Solution File, Format Version 12.00
# Visual Studio Version 17
VisualStudioVersion = 17.1.32228.430
MinimumVisualStudioVersion = 10.0.40219.1
Project("{9A19103F-16F7-4668-BE54-9A1E7A4F7556}") = "EventSourcingDemoTwo", "EventSourcingDemoTwo\EventSourcingDemoTwo.csproj", "{1611E2F2-9D7D-4EC7-8363-0B00F1F16206}"
EndProject
Project("{FAE04EC0-301F-11D3-BF4B-00C04F79EFBC}") = "WhenToSnapshot", "WhenToSnapshot\WhenToSnapshot.csproj", "{0D5994D4-780A-4DAC-8A10-B191317CF11E}"
EndProject
Global
	GlobalSection(SolutionConfigurationPlatforms) = preSolution
		Debug|Any CPU = Debug|Any CPU
		Release|Any CPU = Release|Any CPU
	EndGlobalSection
	GlobalSection(ProjectConfigurationPlatforms) = postSolution
		{1611E2F2-9D7D-4EC7-8363-0B00F1F16206}.Debug|Any CPU.ActiveCfg = Debug|Any CPU
		{1611E2F2-9D7D-4EC7-8363-0B00F1F16206}.Debug|Any CPU.Build.0 = Debug|Any CPU
		{1611E2F2-9D7D-4EC7-8363-0B00F1F16206}.Release|Any CPU.ActiveCfg = Release|Any CPU
		{1611E2F2-9D7D-4EC7-8363-0B00F1F16206}.Release|Any CPU.Build.0 = Release|Any CPU
		{0D5994D4-780A-4DAC-8A10-B191317CF11E}.Debug|Any CPU.ActiveCfg = Debug|Any CPU
		{0D5994D4-780A-4DAC-8A10-B191317CF11E}.Debug|Any CPU.Build.0 = Debug|Any CPU
		{0D5994D4-780A-4DAC-8A10-B191317CF11E}.Release|Any CPU.ActiveCfg = Release|Any CPU
		{0D5994D4-780A-4DAC-8A10-B191317CF11E}.Release|Any CPU.Build.0 = Release|Any CPU
	EndGlobalSection
	GlobalSection(SolutionProperties) = preSolution
		HideSolutionNode = FALSE
	EndGlobalSection
	GlobalSection(ExtensibilityGlobals) = postSolution
		SolutionGuid = {23B43BD8-1808-4186-8426-CA51537DE0D6}
	EndGlobalSection
EndGlobal
