
Microsoft Visual Studio Solution File, Format Version 12.00
# Visual Studio 2012
Project("{FAE04EC0-301F-11D3-BF4B-00C04F79EFBC}") = "TopSdk", "TopSdk.csproj", "{9C11CAE5-5188-4E71-825B-68FC3135728A}"
EndProject
Project("{FAE04EC0-301F-11D3-BF4B-00C04F79EFBC}") = "TopTest", "Test\TopTest.csproj", "{1EEB2B97-EEC8-4EA7-9FA1-B2AFA29996F8}"
EndProject
Global
	GlobalSection(SolutionConfigurationPlatforms) = preSolution
		Debug|Any CPU = Debug|Any CPU
		Release|Any CPU = Release|Any CPU
	EndGlobalSection
	GlobalSection(ProjectConfigurationPlatforms) = postSolution
		{9C11CAE5-5188-4E71-825B-68FC3135728A}.Debug|Any CPU.ActiveCfg = Debug|Any CPU
		{9C11CAE5-5188-4E71-825B-68FC3135728A}.Debug|Any CPU.Build.0 = Debug|Any CPU
		{9C11CAE5-5188-4E71-825B-68FC3135728A}.Release|Any CPU.ActiveCfg = Release|Any CPU
		{9C11CAE5-5188-4E71-825B-68FC3135728A}.Release|Any CPU.Build.0 = Release|Any CPU
		{1EEB2B97-EEC8-4EA7-9FA1-B2AFA29996F8}.Debug|Any CPU.ActiveCfg = Debug|Any CPU
		{1EEB2B97-EEC8-4EA7-9FA1-B2AFA29996F8}.Debug|Any CPU.Build.0 = Debug|Any CPU
		{1EEB2B97-EEC8-4EA7-9FA1-B2AFA29996F8}.Release|Any CPU.ActiveCfg = Release|Any CPU
		{1EEB2B97-EEC8-4EA7-9FA1-B2AFA29996F8}.Release|Any CPU.Build.0 = Release|Any CPU
	EndGlobalSection
EndGlobal
