
Microsoft Visual Studio Solution File, Format Version 12.00
# Visual Studio Version 17
VisualStudioVersion = 17.0.31903.59
MinimumVisualStudioVersion = 10.0.40219.1
Project("{FAE04EC0-301F-11D3-BF4B-00C04F79EFBC}") = "WebMVC", "WebMVC\WebMVC.csproj", "{BA6A6CFC-658E-47A9-81BC-E38A6F0B5934}"
EndProject
Project("{FAE04EC0-301F-11D3-BF4B-00C04F79EFBC}") = "WebAPI", "WebAPI\WebAPI.csproj", "{A68A397A-61E8-4BC3-82EF-351987DD5790}"
EndProject
Global
	GlobalSection(SolutionConfigurationPlatforms) = preSolution
		Debug|Any CPU = Debug|Any CPU
		Release|Any CPU = Release|Any CPU
	EndGlobalSection
	GlobalSection(ProjectConfigurationPlatforms) = postSolution
		{BA6A6CFC-658E-47A9-81BC-E38A6F0B5934}.Debug|Any CPU.ActiveCfg = Debug|Any CPU
		{BA6A6CFC-658E-47A9-81BC-E38A6F0B5934}.Debug|Any CPU.Build.0 = Debug|Any CPU
		{BA6A6CFC-658E-47A9-81BC-E38A6F0B5934}.Release|Any CPU.ActiveCfg = Release|Any CPU
		{BA6A6CFC-658E-47A9-81BC-E38A6F0B5934}.Release|Any CPU.Build.0 = Release|Any CPU
		{A68A397A-61E8-4BC3-82EF-351987DD5790}.Debug|Any CPU.ActiveCfg = Debug|Any CPU
		{A68A397A-61E8-4BC3-82EF-351987DD5790}.Debug|Any CPU.Build.0 = Debug|Any CPU
		{A68A397A-61E8-4BC3-82EF-351987DD5790}.Release|Any CPU.ActiveCfg = Release|Any CPU
		{A68A397A-61E8-4BC3-82EF-351987DD5790}.Release|Any CPU.Build.0 = Release|Any CPU
	EndGlobalSection
	GlobalSection(SolutionProperties) = preSolution
		HideSolutionNode = FALSE
	EndGlobalSection
	GlobalSection(ExtensibilityGlobals) = postSolution
		SolutionGuid = {80EC4ECC-2F61-4AD1-823C-5DFF378C666F}
	EndGlobalSection
EndGlobal
