
Microsoft Visual Studio Solution File, Format Version 12.00
# Visual Studio Version 17
VisualStudioVersion = 17.5.33414.496
MinimumVisualStudioVersion = 10.0.40219.1
Project("{9A19103F-16F7-4668-BE54-9A1E7A4F7556}") = "AOPForMetalama", "AOP\AOPForMetalama.csproj", "{BA88A03D-E02F-428D-80A5-BBADBEF1FD5F}"
EndProject
Global
	GlobalSection(SolutionConfigurationPlatforms) = preSolution
		Debug|Any CPU = Debug|Any CPU
		Release|Any CPU = Release|Any CPU
	EndGlobalSection
	GlobalSection(ProjectConfigurationPlatforms) = postSolution
		{BA88A03D-E02F-428D-80A5-BBADBEF1FD5F}.Debug|Any CPU.ActiveCfg = Debug|Any CPU
		{BA88A03D-E02F-428D-80A5-BBADBEF1FD5F}.Debug|Any CPU.Build.0 = Debug|Any CPU
		{BA88A03D-E02F-428D-80A5-BBADBEF1FD5F}.Release|Any CPU.ActiveCfg = Release|Any CPU
		{BA88A03D-E02F-428D-80A5-BBADBEF1FD5F}.Release|Any CPU.Build.0 = Release|Any CPU
	EndGlobalSection
	GlobalSection(SolutionProperties) = preSolution
		HideSolutionNode = FALSE
	EndGlobalSection
	GlobalSection(ExtensibilityGlobals) = postSolution
		SolutionGuid = {88C01419-E50F-4F8C-8241-76C47042A58F}
	EndGlobalSection
EndGlobal
