
Microsoft Visual Studio Solution File, Format Version 12.00
# Visual Studio Version 17
VisualStudioVersion = 17.0.31521.260
MinimumVisualStudioVersion = 10.0.40219.1
Project("{FAE04EC0-301F-11D3-BF4B-00C04F79EFBC}") = "AsnycLocalThreadLocal", "AsnycLocalThreadLocal\AsnycLocalThreadLocal.csproj", "{7E3708D6-5CE6-491B-84EB-2BBE472A2DEB}"
EndProject
Global
	GlobalSection(SolutionConfigurationPlatforms) = preSolution
		Debug|Any CPU = Debug|Any CPU
		Release|Any CPU = Release|Any CPU
	EndGlobalSection
	GlobalSection(ProjectConfigurationPlatforms) = postSolution
		{7E3708D6-5CE6-491B-84EB-2BBE472A2DEB}.Debug|Any CPU.ActiveCfg = Debug|Any CPU
		{7E3708D6-5CE6-491B-84EB-2BBE472A2DEB}.Debug|Any CPU.Build.0 = Debug|Any CPU
		{7E3708D6-5CE6-491B-84EB-2BBE472A2DEB}.Release|Any CPU.ActiveCfg = Release|Any CPU
		{7E3708D6-5CE6-491B-84EB-2BBE472A2DEB}.Release|Any CPU.Build.0 = Release|Any CPU
	EndGlobalSection
	GlobalSection(SolutionProperties) = preSolution
		HideSolutionNode = FALSE
	EndGlobalSection
	GlobalSection(ExtensibilityGlobals) = postSolution
		SolutionGuid = {8B5C142F-6B70-4133-A9A4-921997FB44F6}
	EndGlobalSection
EndGlobal
