
Microsoft Visual Studio Solution File, Format Version 12.00
# Visual Studio Version 17
VisualStudioVersion = 17.2.32630.192
MinimumVisualStudioVersion = 10.0.40219.1
Project("{FAE04EC0-301F-11D3-BF4B-00C04F79EFBC}") = "ConsoleApp", "ConsoleApp\ConsoleApp.csproj", "{AF051792-F5AF-4D47-9481-559778A4C552}"
EndProject
Global
	GlobalSection(SolutionConfigurationPlatforms) = preSolution
		Debug|Any CPU = Debug|Any CPU
		Release|Any CPU = Release|Any CPU
	EndGlobalSection
	GlobalSection(ProjectConfigurationPlatforms) = postSolution
		{AF051792-F5AF-4D47-9481-559778A4C552}.Debug|Any CPU.ActiveCfg = Debug|Any CPU
		{AF051792-F5AF-4D47-9481-559778A4C552}.Debug|Any CPU.Build.0 = Debug|Any CPU
		{AF051792-F5AF-4D47-9481-559778A4C552}.Release|Any CPU.ActiveCfg = Release|Any CPU
		{AF051792-F5AF-4D47-9481-559778A4C552}.Release|Any CPU.Build.0 = Release|Any CPU
	EndGlobalSection
	GlobalSection(SolutionProperties) = preSolution
		HideSolutionNode = FALSE
	EndGlobalSection
	GlobalSection(ExtensibilityGlobals) = postSolution
		SolutionGuid = {9004AD7A-B9A6-4D66-994B-FDBE88BD13F6}
	EndGlobalSection
EndGlobal
