
Microsoft Visual Studio Solution File, Format Version 12.00
# Visual Studio Version 17
VisualStudioVersion = 17.1.32228.430
MinimumVisualStudioVersion = 10.0.40219.1
Project("{9A19103F-16F7-4668-BE54-9A1E7A4F7556}") = "ConsoleApp", "ConsoleApp1\ConsoleApp.csproj", "{EABE5C15-3C30-4850-9BF5-B6382EC10CBF}"
EndProject
Global
	GlobalSection(SolutionConfigurationPlatforms) = preSolution
		Debug|Any CPU = Debug|Any CPU
		Release|Any CPU = Release|Any CPU
	EndGlobalSection
	GlobalSection(ProjectConfigurationPlatforms) = postSolution
		{EABE5C15-3C30-4850-9BF5-B6382EC10CBF}.Debug|Any CPU.ActiveCfg = Debug|Any CPU
		{EABE5C15-3C30-4850-9BF5-B6382EC10CBF}.Debug|Any CPU.Build.0 = Debug|Any CPU
		{EABE5C15-3C30-4850-9BF5-B6382EC10CBF}.Release|Any CPU.ActiveCfg = Release|Any CPU
		{EABE5C15-3C30-4850-9BF5-B6382EC10CBF}.Release|Any CPU.Build.0 = Release|Any CPU
	EndGlobalSection
	GlobalSection(SolutionProperties) = preSolution
		HideSolutionNode = FALSE
	EndGlobalSection
	GlobalSection(ExtensibilityGlobals) = postSolution
		SolutionGuid = {5AEC5C2C-E6B1-458C-8BF8-809E899FA9C4}
	EndGlobalSection
EndGlobal
