
Microsoft Visual Studio Solution File, Format Version 12.00
# Visual Studio Version 17
VisualStudioVersion = 17.10.35013.160
MinimumVisualStudioVersion = 10.0.40219.1
Project("{9A19103F-16F7-4668-BE54-9A1E7A4F7556}") = "EF.GraphQL.Demo", "EF.GraphQL.Demo\EF.GraphQL.Demo.csproj", "{D02C7FA8-9C5F-4FFE-BB9D-2485F8A27C8C}"
EndProject
Project("{9A19103F-16F7-4668-BE54-9A1E7A4F7556}") = "EF.GraphQL.Two", "EF.GraphQL.Two\EF.GraphQL.Two.csproj", "{5C630A79-A58B-46B1-9C3F-7A0D19145E0E}"
EndProject
Project("{9A19103F-16F7-4668-BE54-9A1E7A4F7556}") = "ODataService.Web", "ODataService.Web\ODataService.Web.csproj", "{E0295656-055E-45C2-8277-50A27957FDB8}"
EndProject
Project("{9A19103F-16F7-4668-BE54-9A1E7A4F7556}") = "ODataClientSample", "ODataClientSample\ODataClientSample.csproj", "{48D5BD34-12AE-4911-9688-58B03CEFD2DF}"
EndProject
Project("{9A19103F-16F7-4668-BE54-9A1E7A4F7556}") = "ODataService.WebNew", "ODataService.WebNew\ODataService.WebNew.csproj", "{6483BFA1-11C6-4967-85C8-F1D01C95C669}"
EndProject
Project("{FAE04EC0-301F-11D3-BF4B-00C04F79EFBC}") = "Project.Discuss", "Project.Discuss\Project.Discuss.csproj", "{E3359B6C-4CC6-445F-8D73-F42F9A8FF3C0}"
EndProject
Global
	GlobalSection(SolutionConfigurationPlatforms) = preSolution
		Debug|Any CPU = Debug|Any CPU
		Release|Any CPU = Release|Any CPU
	EndGlobalSection
	GlobalSection(ProjectConfigurationPlatforms) = postSolution
		{D02C7FA8-9C5F-4FFE-BB9D-2485F8A27C8C}.Debug|Any CPU.ActiveCfg = Debug|Any CPU
		{D02C7FA8-9C5F-4FFE-BB9D-2485F8A27C8C}.Debug|Any CPU.Build.0 = Debug|Any CPU
		{D02C7FA8-9C5F-4FFE-BB9D-2485F8A27C8C}.Release|Any CPU.ActiveCfg = Release|Any CPU
		{D02C7FA8-9C5F-4FFE-BB9D-2485F8A27C8C}.Release|Any CPU.Build.0 = Release|Any CPU
		{5C630A79-A58B-46B1-9C3F-7A0D19145E0E}.Debug|Any CPU.ActiveCfg = Debug|Any CPU
		{5C630A79-A58B-46B1-9C3F-7A0D19145E0E}.Debug|Any CPU.Build.0 = Debug|Any CPU
		{5C630A79-A58B-46B1-9C3F-7A0D19145E0E}.Release|Any CPU.ActiveCfg = Release|Any CPU
		{5C630A79-A58B-46B1-9C3F-7A0D19145E0E}.Release|Any CPU.Build.0 = Release|Any CPU
		{E0295656-055E-45C2-8277-50A27957FDB8}.Debug|Any CPU.ActiveCfg = Debug|Any CPU
		{E0295656-055E-45C2-8277-50A27957FDB8}.Debug|Any CPU.Build.0 = Debug|Any CPU
		{E0295656-055E-45C2-8277-50A27957FDB8}.Release|Any CPU.ActiveCfg = Release|Any CPU
		{E0295656-055E-45C2-8277-50A27957FDB8}.Release|Any CPU.Build.0 = Release|Any CPU
		{48D5BD34-12AE-4911-9688-58B03CEFD2DF}.Debug|Any CPU.ActiveCfg = Debug|Any CPU
		{48D5BD34-12AE-4911-9688-58B03CEFD2DF}.Debug|Any CPU.Build.0 = Debug|Any CPU
		{48D5BD34-12AE-4911-9688-58B03CEFD2DF}.Release|Any CPU.ActiveCfg = Release|Any CPU
		{48D5BD34-12AE-4911-9688-58B03CEFD2DF}.Release|Any CPU.Build.0 = Release|Any CPU
		{6483BFA1-11C6-4967-85C8-F1D01C95C669}.Debug|Any CPU.ActiveCfg = Debug|Any CPU
		{6483BFA1-11C6-4967-85C8-F1D01C95C669}.Debug|Any CPU.Build.0 = Debug|Any CPU
		{6483BFA1-11C6-4967-85C8-F1D01C95C669}.Release|Any CPU.ActiveCfg = Release|Any CPU
		{6483BFA1-11C6-4967-85C8-F1D01C95C669}.Release|Any CPU.Build.0 = Release|Any CPU
		{E3359B6C-4CC6-445F-8D73-F42F9A8FF3C0}.Debug|Any CPU.ActiveCfg = Debug|Any CPU
		{E3359B6C-4CC6-445F-8D73-F42F9A8FF3C0}.Debug|Any CPU.Build.0 = Debug|Any CPU
		{E3359B6C-4CC6-445F-8D73-F42F9A8FF3C0}.Release|Any CPU.ActiveCfg = Release|Any CPU
		{E3359B6C-4CC6-445F-8D73-F42F9A8FF3C0}.Release|Any CPU.Build.0 = Release|Any CPU
	EndGlobalSection
	GlobalSection(SolutionProperties) = preSolution
		HideSolutionNode = FALSE
	EndGlobalSection
	GlobalSection(ExtensibilityGlobals) = postSolution
		SolutionGuid = {9D0B4FB6-F462-4CA1-AA84-8A723BF696CD}
	EndGlobalSection
EndGlobal
