
Microsoft Visual Studio Solution File, Format Version 12.00
# Visual Studio Version 16
VisualStudioVersion = 16.0.31410.357
MinimumVisualStudioVersion = 10.0.40219.1
Project("{FAE04EC0-301F-11D3-BF4B-00C04F79EFBC}") = "k_Producer", "k_Producer\k_Producer.csproj", "{50A7E90C-3786-427F-8ED4-57E64CF1EAEC}"
EndProject
Project("{FAE04EC0-301F-11D3-BF4B-00C04F79EFBC}") = "k_Consumer", "k_Consumer\k_Consumer.csproj", "{DEF0357C-2AFF-4911-B35A-E6AA57B663A5}"
EndProject
Global
	GlobalSection(SolutionConfigurationPlatforms) = preSolution
		Debug|Any CPU = Debug|Any CPU
		Release|Any CPU = Release|Any CPU
	EndGlobalSection
	GlobalSection(ProjectConfigurationPlatforms) = postSolution
		{50A7E90C-3786-427F-8ED4-57E64CF1EAEC}.Debug|Any CPU.ActiveCfg = Debug|Any CPU
		{50A7E90C-3786-427F-8ED4-57E64CF1EAEC}.Debug|Any CPU.Build.0 = Debug|Any CPU
		{50A7E90C-3786-427F-8ED4-57E64CF1EAEC}.Release|Any CPU.ActiveCfg = Release|Any CPU
		{50A7E90C-3786-427F-8ED4-57E64CF1EAEC}.Release|Any CPU.Build.0 = Release|Any CPU
		{DEF0357C-2AFF-4911-B35A-E6AA57B663A5}.Debug|Any CPU.ActiveCfg = Debug|Any CPU
		{DEF0357C-2AFF-4911-B35A-E6AA57B663A5}.Debug|Any CPU.Build.0 = Debug|Any CPU
		{DEF0357C-2AFF-4911-B35A-E6AA57B663A5}.Release|Any CPU.ActiveCfg = Release|Any CPU
		{DEF0357C-2AFF-4911-B35A-E6AA57B663A5}.Release|Any CPU.Build.0 = Release|Any CPU
	EndGlobalSection
	GlobalSection(SolutionProperties) = preSolution
		HideSolutionNode = FALSE
	EndGlobalSection
	GlobalSection(ExtensibilityGlobals) = postSolution
		SolutionGuid = {2A73771B-2C14-4AAA-A8D3-57957D61F5CD}
	EndGlobalSection
EndGlobal
