
Microsoft Visual Studio Solution File, Format Version 12.00
# Visual Studio Version 17
VisualStudioVersion = 17.1.32228.430
MinimumVisualStudioVersion = 10.0.40219.1
Project("{FAE04EC0-301F-11D3-BF4B-00C04F79EFBC}") = "斐波那契Test", "斐波那契Test\斐波那契Test.csproj", "{B75DC716-A061-4187-B5AC-28B13FEC637E}"
EndProject
Global
	GlobalSection(SolutionConfigurationPlatforms) = preSolution
		Debug|Any CPU = Debug|Any CPU
		Release|Any CPU = Release|Any CPU
	EndGlobalSection
	GlobalSection(ProjectConfigurationPlatforms) = postSolution
		{B75DC716-A061-4187-B5AC-28B13FEC637E}.Debug|Any CPU.ActiveCfg = Debug|Any CPU
		{B75DC716-A061-4187-B5AC-28B13FEC637E}.Debug|Any CPU.Build.0 = Debug|Any CPU
		{B75DC716-A061-4187-B5AC-28B13FEC637E}.Release|Any CPU.ActiveCfg = Release|Any CPU
		{B75DC716-A061-4187-B5AC-28B13FEC637E}.Release|Any CPU.Build.0 = Release|Any CPU
	EndGlobalSection
	GlobalSection(SolutionProperties) = preSolution
		HideSolutionNode = FALSE
	EndGlobalSection
	GlobalSection(ExtensibilityGlobals) = postSolution
		SolutionGuid = {689963DE-6F8B-4964-A203-CAD8D11E1D4E}
	EndGlobalSection
EndGlobal
