
Microsoft Visual Studio Solution File, Format Version 12.00
# Visual Studio Version 17
VisualStudioVersion = 17.1.32228.430
MinimumVisualStudioVersion = 10.0.40219.1
Project("{FAE04EC0-301F-11D3-BF4B-00C04F79EFBC}") = "BlazorUI", "BlazorUI\BlazorUI.csproj", "{ED256BCE-496E-45D6-8336-6017BA0A49FA}"
EndProject
Project("{FAE04EC0-301F-11D3-BF4B-00C04F79EFBC}") = "DemoLibrary", "DemoLibrary\DemoLibrary.csproj", "{39996296-4AAE-42FC-B09B-F016F2B855AD}"
EndProject
Project("{FAE04EC0-301F-11D3-BF4B-00C04F79EFBC}") = "DemoApi", "DemoApi\DemoApi.csproj", "{7B1DAAD0-1389-4D86-8A11-CFE31033CBA2}"
EndProject
Global
	GlobalSection(SolutionConfigurationPlatforms) = preSolution
		Debug|Any CPU = Debug|Any CPU
		Release|Any CPU = Release|Any CPU
	EndGlobalSection
	GlobalSection(ProjectConfigurationPlatforms) = postSolution
		{ED256BCE-496E-45D6-8336-6017BA0A49FA}.Debug|Any CPU.ActiveCfg = Debug|Any CPU
		{ED256BCE-496E-45D6-8336-6017BA0A49FA}.Debug|Any CPU.Build.0 = Debug|Any CPU
		{ED256BCE-496E-45D6-8336-6017BA0A49FA}.Release|Any CPU.ActiveCfg = Release|Any CPU
		{ED256BCE-496E-45D6-8336-6017BA0A49FA}.Release|Any CPU.Build.0 = Release|Any CPU
		{39996296-4AAE-42FC-B09B-F016F2B855AD}.Debug|Any CPU.ActiveCfg = Debug|Any CPU
		{39996296-4AAE-42FC-B09B-F016F2B855AD}.Debug|Any CPU.Build.0 = Debug|Any CPU
		{39996296-4AAE-42FC-B09B-F016F2B855AD}.Release|Any CPU.ActiveCfg = Release|Any CPU
		{39996296-4AAE-42FC-B09B-F016F2B855AD}.Release|Any CPU.Build.0 = Release|Any CPU
		{7B1DAAD0-1389-4D86-8A11-CFE31033CBA2}.Debug|Any CPU.ActiveCfg = Debug|Any CPU
		{7B1DAAD0-1389-4D86-8A11-CFE31033CBA2}.Debug|Any CPU.Build.0 = Debug|Any CPU
		{7B1DAAD0-1389-4D86-8A11-CFE31033CBA2}.Release|Any CPU.ActiveCfg = Release|Any CPU
		{7B1DAAD0-1389-4D86-8A11-CFE31033CBA2}.Release|Any CPU.Build.0 = Release|Any CPU
	EndGlobalSection
	GlobalSection(SolutionProperties) = preSolution
		HideSolutionNode = FALSE
	EndGlobalSection
	GlobalSection(ExtensibilityGlobals) = postSolution
		SolutionGuid = {36A76924-5054-444B-BEE5-9221019B25E8}
	EndGlobalSection
EndGlobal
