
Microsoft Visual Studio Solution File, Format Version 12.00
# Visual Studio Version 17
VisualStudioVersion = 17.9.34728.123
MinimumVisualStudioVersion = 10.0.40219.1
Project("{FAE04EC0-301F-11D3-BF4B-00C04F79EFBC}") = "MiniOpenApi", "MiniOpenApi\MiniOpenApi.csproj", "{04385AF8-FF59-4417-847F-0A8A4D60E5F0}"
EndProject
Global
	GlobalSection(SolutionConfigurationPlatforms) = preSolution
		Debug|Any CPU = Debug|Any CPU
		Release|Any CPU = Release|Any CPU
	EndGlobalSection
	GlobalSection(ProjectConfigurationPlatforms) = postSolution
		{04385AF8-FF59-4417-847F-0A8A4D60E5F0}.Debug|Any CPU.ActiveCfg = Debug|Any CPU
		{04385AF8-FF59-4417-847F-0A8A4D60E5F0}.Debug|Any CPU.Build.0 = Debug|Any CPU
		{04385AF8-FF59-4417-847F-0A8A4D60E5F0}.Release|Any CPU.ActiveCfg = Release|Any CPU
		{04385AF8-FF59-4417-847F-0A8A4D60E5F0}.Release|Any CPU.Build.0 = Release|Any CPU
	EndGlobalSection
	GlobalSection(SolutionProperties) = preSolution
		HideSolutionNode = FALSE
	EndGlobalSection
	GlobalSection(ExtensibilityGlobals) = postSolution
		SolutionGuid = {F0ACDB33-140A-49AF-B396-89E717153570}
	EndGlobalSection
EndGlobal
