
Microsoft Visual Studio Solution File, Format Version 12.00
# Visual Studio Version 17
VisualStudioVersion = 17.3.32825.248
MinimumVisualStudioVersion = 10.0.40219.1
Project("{9A19103F-16F7-4668-BE54-9A1E7A4F7556}") = "Play.Common", "Play.Common\Play.Common.csproj", "{104BA7D2-D914-44AB-B2E0-5799E0B08438}"
EndProject
Project("{9A19103F-16F7-4668-BE54-9A1E7A4F7556}") = "Play.Catalog.Contracts", "Play.Catalog.Contracts\Play.Catalog.Contracts.csproj", "{C53AAE13-703A-40E7-B352-5A28E50B2D35}"
EndProject
Project("{FAE04EC0-301F-11D3-BF4B-00C04F79EFBC}") = "Play.Catalog.Service", "Play.Catalog.Service\Play.Catalog.Service.csproj", "{D5B0D457-6240-41FD-86D6-1C17C09EE987}"
EndProject
Project("{FAE04EC0-301F-11D3-BF4B-00C04F79EFBC}") = "Play.Inventory.Service", "Play.Inventory.Service\Play.Inventory.Service.csproj", "{174E20E8-07B1-4EB5-87A6-2A55E3437137}"
EndProject
Global
	GlobalSection(SolutionConfigurationPlatforms) = preSolution
		Debug|Any CPU = Debug|Any CPU
		Release|Any CPU = Release|Any CPU
	EndGlobalSection
	GlobalSection(ProjectConfigurationPlatforms) = postSolution
		{104BA7D2-D914-44AB-B2E0-5799E0B08438}.Debug|Any CPU.ActiveCfg = Debug|Any CPU
		{104BA7D2-D914-44AB-B2E0-5799E0B08438}.Debug|Any CPU.Build.0 = Debug|Any CPU
		{104BA7D2-D914-44AB-B2E0-5799E0B08438}.Release|Any CPU.ActiveCfg = Release|Any CPU
		{104BA7D2-D914-44AB-B2E0-5799E0B08438}.Release|Any CPU.Build.0 = Release|Any CPU
		{C53AAE13-703A-40E7-B352-5A28E50B2D35}.Debug|Any CPU.ActiveCfg = Debug|Any CPU
		{C53AAE13-703A-40E7-B352-5A28E50B2D35}.Debug|Any CPU.Build.0 = Debug|Any CPU
		{C53AAE13-703A-40E7-B352-5A28E50B2D35}.Release|Any CPU.ActiveCfg = Release|Any CPU
		{C53AAE13-703A-40E7-B352-5A28E50B2D35}.Release|Any CPU.Build.0 = Release|Any CPU
		{D5B0D457-6240-41FD-86D6-1C17C09EE987}.Debug|Any CPU.ActiveCfg = Debug|Any CPU
		{D5B0D457-6240-41FD-86D6-1C17C09EE987}.Debug|Any CPU.Build.0 = Debug|Any CPU
		{D5B0D457-6240-41FD-86D6-1C17C09EE987}.Release|Any CPU.ActiveCfg = Release|Any CPU
		{D5B0D457-6240-41FD-86D6-1C17C09EE987}.Release|Any CPU.Build.0 = Release|Any CPU
		{174E20E8-07B1-4EB5-87A6-2A55E3437137}.Debug|Any CPU.ActiveCfg = Debug|Any CPU
		{174E20E8-07B1-4EB5-87A6-2A55E3437137}.Debug|Any CPU.Build.0 = Debug|Any CPU
		{174E20E8-07B1-4EB5-87A6-2A55E3437137}.Release|Any CPU.ActiveCfg = Release|Any CPU
		{174E20E8-07B1-4EB5-87A6-2A55E3437137}.Release|Any CPU.Build.0 = Release|Any CPU
	EndGlobalSection
	GlobalSection(SolutionProperties) = preSolution
		HideSolutionNode = FALSE
	EndGlobalSection
	GlobalSection(ExtensibilityGlobals) = postSolution
		SolutionGuid = {E4891431-8219-4E29-B01B-1055617C0021}
	EndGlobalSection
EndGlobal
