
Microsoft Visual Studio Solution File, Format Version 12.00
# Visual Studio Version 17
VisualStudioVersion = 17.2.32630.192
MinimumVisualStudioVersion = 10.0.40219.1
Project("{9A19103F-16F7-4668-BE54-9A1E7A4F7556}") = "transfer", "trnasfer\transfer.csproj", "{DD2DA0C4-A3C4-49DB-927C-C0978E4D3C04}"
EndProject
Global
	GlobalSection(SolutionConfigurationPlatforms) = preSolution
		Debug|Any CPU = Debug|Any CPU
		Release|Any CPU = Release|Any CPU
	EndGlobalSection
	GlobalSection(ProjectConfigurationPlatforms) = postSolution
		{DD2DA0C4-A3C4-49DB-927C-C0978E4D3C04}.Debug|Any CPU.ActiveCfg = Debug|Any CPU
		{DD2DA0C4-A3C4-49DB-927C-C0978E4D3C04}.Debug|Any CPU.Build.0 = Debug|Any CPU
		{DD2DA0C4-A3C4-49DB-927C-C0978E4D3C04}.Release|Any CPU.ActiveCfg = Release|Any CPU
		{DD2DA0C4-A3C4-49DB-927C-C0978E4D3C04}.Release|Any CPU.Build.0 = Release|Any CPU
	EndGlobalSection
	GlobalSection(SolutionProperties) = preSolution
		HideSolutionNode = FALSE
	EndGlobalSection
	GlobalSection(ExtensibilityGlobals) = postSolution
		SolutionGuid = {A99AB110-96E9-45ED-BA42-2B173F14933A}
	EndGlobalSection
EndGlobal
