
Microsoft Visual Studio Solution File, Format Version 12.00
# Visual Studio Version 17
VisualStudioVersion = 17.7.34009.444
MinimumVisualStudioVersion = 10.0.40219.1
Project("{2150E333-8FDC-42A3-9474-1A3956D46DE8}") = "Domain Layer", "Domain Layer", "{75142BAB-BB8C-43EE-BEC7-CFF0EDE7894A}"
EndProject
Project("{2150E333-8FDC-42A3-9474-1A3956D46DE8}") = "Infrastructure Layer", "Infrastructure Layer", "{208FF490-3510-437D-AB8D-C35F5C3BBC9D}"
EndProject
Project("{2150E333-8FDC-42A3-9474-1A3956D46DE8}") = "webapi", "webapi", "{25B9DD13-2B5B-4F15-B284-21E8F138B2AD}"
EndProject
Project("{2150E333-8FDC-42A3-9474-1A3956D46DE8}") = "Misc", "Misc", "{30722EE1-2671-423D-BA1A-338F29233529}"
EndProject
Project("{2150E333-8FDC-42A3-9474-1A3956D46DE8}") = "Persistence", "Persistence", "{FD149270-62C1-49ED-9221-B2CA37F7D822}"
EndProject
Project("{2150E333-8FDC-42A3-9474-1A3956D46DE8}") = "Application Layer", "Application Layer", "{87948A7E-649B-4F59-83C5-E1D571EBBACD}"
EndProject
Project("{9A19103F-16F7-4668-BE54-9A1E7A4F7556}") = "IBuyStuff.Domain", "IBuyStuff.Domain\IBuyStuff.Domain.csproj", "{2B0783B1-4C51-45E5-906B-55D129E45DFC}"
EndProject
Project("{FAE04EC0-301F-11D3-BF4B-00C04F79EFBC}") = "IBuyStuff.Domain.Services", "IBuyStuff.Domain.Services\IBuyStuff.Domain.Services.csproj", "{8738DD93-220E-473B-98C4-47BA47A9317A}"
EndProject
Project("{FAE04EC0-301F-11D3-BF4B-00C04F79EFBC}") = "IBuyStuff.Infrastructure", "IBuyStuff.Infrastructure\IBuyStuff.Infrastructure.csproj", "{6D1FE748-F0CD-49EE-8F32-E4DB9E42040B}"
EndProject
Project("{FAE04EC0-301F-11D3-BF4B-00C04F79EFBC}") = "IBuyStuff.Persistence", "IBuyStuff.Persistence\IBuyStuff.Persistence.csproj", "{ED1310AF-5745-4C8D-AF1C-DAFC46BE3E81}"
EndProject
Project("{FAE04EC0-301F-11D3-BF4B-00C04F79EFBC}") = "IBuyStuff.QueryModel.Persistence", "IBuyStuff.QueryModel.Persistence\IBuyStuff.QueryModel.Persistence.csproj", "{72ABC4FD-76D0-4C99-898A-8B2034C2D2BB}"
EndProject
Project("{FAE04EC0-301F-11D3-BF4B-00C04F79EFBC}") = "IBuyStuff.QueryModel", "IBuyStuff.QueryModel\IBuyStuff.QueryModel.csproj", "{085C0D47-D375-43C7-A495-20CA8DD1625E}"
EndProject
Project("{FAE04EC0-301F-11D3-BF4B-00C04F79EFBC}") = "IBuyStuff.Application", "IBuyStuff.Application\IBuyStuff.Application.csproj", "{E7B808ED-790E-45A3-8D0A-86AE86BB61E6}"
EndProject
Project("{2150E333-8FDC-42A3-9474-1A3956D46DE8}") = "Presentation Layer", "Presentation Layer", "{85A10838-F439-4E8D-B954-B4189F4FEE53}"
EndProject
Project("{FAE04EC0-301F-11D3-BF4B-00C04F79EFBC}") = "IBuyStuffer.Server", "IBuyStuffer.Server\IBuyStuffer.Server.csproj", "{BC28812A-66B4-4686-8364-69DC22FCB0CE}"
EndProject
Global
	GlobalSection(SolutionConfigurationPlatforms) = preSolution
		Debug|Any CPU = Debug|Any CPU
		Release|Any CPU = Release|Any CPU
	EndGlobalSection
	GlobalSection(ProjectConfigurationPlatforms) = postSolution
		{2B0783B1-4C51-45E5-906B-55D129E45DFC}.Debug|Any CPU.ActiveCfg = Debug|Any CPU
		{2B0783B1-4C51-45E5-906B-55D129E45DFC}.Debug|Any CPU.Build.0 = Debug|Any CPU
		{2B0783B1-4C51-45E5-906B-55D129E45DFC}.Release|Any CPU.ActiveCfg = Release|Any CPU
		{2B0783B1-4C51-45E5-906B-55D129E45DFC}.Release|Any CPU.Build.0 = Release|Any CPU
		{8738DD93-220E-473B-98C4-47BA47A9317A}.Debug|Any CPU.ActiveCfg = Debug|Any CPU
		{8738DD93-220E-473B-98C4-47BA47A9317A}.Debug|Any CPU.Build.0 = Debug|Any CPU
		{8738DD93-220E-473B-98C4-47BA47A9317A}.Release|Any CPU.ActiveCfg = Release|Any CPU
		{8738DD93-220E-473B-98C4-47BA47A9317A}.Release|Any CPU.Build.0 = Release|Any CPU
		{6D1FE748-F0CD-49EE-8F32-E4DB9E42040B}.Debug|Any CPU.ActiveCfg = Debug|Any CPU
		{6D1FE748-F0CD-49EE-8F32-E4DB9E42040B}.Debug|Any CPU.Build.0 = Debug|Any CPU
		{6D1FE748-F0CD-49EE-8F32-E4DB9E42040B}.Release|Any CPU.ActiveCfg = Release|Any CPU
		{6D1FE748-F0CD-49EE-8F32-E4DB9E42040B}.Release|Any CPU.Build.0 = Release|Any CPU
		{ED1310AF-5745-4C8D-AF1C-DAFC46BE3E81}.Debug|Any CPU.ActiveCfg = Debug|Any CPU
		{ED1310AF-5745-4C8D-AF1C-DAFC46BE3E81}.Debug|Any CPU.Build.0 = Debug|Any CPU
		{ED1310AF-5745-4C8D-AF1C-DAFC46BE3E81}.Release|Any CPU.ActiveCfg = Release|Any CPU
		{ED1310AF-5745-4C8D-AF1C-DAFC46BE3E81}.Release|Any CPU.Build.0 = Release|Any CPU
		{72ABC4FD-76D0-4C99-898A-8B2034C2D2BB}.Debug|Any CPU.ActiveCfg = Debug|Any CPU
		{72ABC4FD-76D0-4C99-898A-8B2034C2D2BB}.Debug|Any CPU.Build.0 = Debug|Any CPU
		{72ABC4FD-76D0-4C99-898A-8B2034C2D2BB}.Release|Any CPU.ActiveCfg = Release|Any CPU
		{72ABC4FD-76D0-4C99-898A-8B2034C2D2BB}.Release|Any CPU.Build.0 = Release|Any CPU
		{085C0D47-D375-43C7-A495-20CA8DD1625E}.Debug|Any CPU.ActiveCfg = Debug|Any CPU
		{085C0D47-D375-43C7-A495-20CA8DD1625E}.Debug|Any CPU.Build.0 = Debug|Any CPU
		{085C0D47-D375-43C7-A495-20CA8DD1625E}.Release|Any CPU.ActiveCfg = Release|Any CPU
		{085C0D47-D375-43C7-A495-20CA8DD1625E}.Release|Any CPU.Build.0 = Release|Any CPU
		{E7B808ED-790E-45A3-8D0A-86AE86BB61E6}.Debug|Any CPU.ActiveCfg = Debug|Any CPU
		{E7B808ED-790E-45A3-8D0A-86AE86BB61E6}.Debug|Any CPU.Build.0 = Debug|Any CPU
		{E7B808ED-790E-45A3-8D0A-86AE86BB61E6}.Release|Any CPU.ActiveCfg = Release|Any CPU
		{E7B808ED-790E-45A3-8D0A-86AE86BB61E6}.Release|Any CPU.Build.0 = Release|Any CPU
		{BC28812A-66B4-4686-8364-69DC22FCB0CE}.Debug|Any CPU.ActiveCfg = Debug|Any CPU
		{BC28812A-66B4-4686-8364-69DC22FCB0CE}.Debug|Any CPU.Build.0 = Debug|Any CPU
		{BC28812A-66B4-4686-8364-69DC22FCB0CE}.Release|Any CPU.ActiveCfg = Release|Any CPU
		{BC28812A-66B4-4686-8364-69DC22FCB0CE}.Release|Any CPU.Build.0 = Release|Any CPU
	EndGlobalSection
	GlobalSection(SolutionProperties) = preSolution
		HideSolutionNode = FALSE
	EndGlobalSection
	GlobalSection(NestedProjects) = preSolution
		{30722EE1-2671-423D-BA1A-338F29233529} = {208FF490-3510-437D-AB8D-C35F5C3BBC9D}
		{FD149270-62C1-49ED-9221-B2CA37F7D822} = {208FF490-3510-437D-AB8D-C35F5C3BBC9D}
		{87948A7E-649B-4F59-83C5-E1D571EBBACD} = {25B9DD13-2B5B-4F15-B284-21E8F138B2AD}
		{2B0783B1-4C51-45E5-906B-55D129E45DFC} = {75142BAB-BB8C-43EE-BEC7-CFF0EDE7894A}
		{8738DD93-220E-473B-98C4-47BA47A9317A} = {75142BAB-BB8C-43EE-BEC7-CFF0EDE7894A}
		{6D1FE748-F0CD-49EE-8F32-E4DB9E42040B} = {30722EE1-2671-423D-BA1A-338F29233529}
		{ED1310AF-5745-4C8D-AF1C-DAFC46BE3E81} = {FD149270-62C1-49ED-9221-B2CA37F7D822}
		{72ABC4FD-76D0-4C99-898A-8B2034C2D2BB} = {FD149270-62C1-49ED-9221-B2CA37F7D822}
		{085C0D47-D375-43C7-A495-20CA8DD1625E} = {75142BAB-BB8C-43EE-BEC7-CFF0EDE7894A}
		{E7B808ED-790E-45A3-8D0A-86AE86BB61E6} = {87948A7E-649B-4F59-83C5-E1D571EBBACD}
		{85A10838-F439-4E8D-B954-B4189F4FEE53} = {25B9DD13-2B5B-4F15-B284-21E8F138B2AD}
		{BC28812A-66B4-4686-8364-69DC22FCB0CE} = {85A10838-F439-4E8D-B954-B4189F4FEE53}
	EndGlobalSection
	GlobalSection(ExtensibilityGlobals) = postSolution
		SolutionGuid = {8D3F4E9A-04E2-4F33-BA71-C3D73432599B}
	EndGlobalSection
EndGlobal
