
Microsoft Visual Studio Solution File, Format Version 12.00
# Visual Studio Version 16
VisualStudioVersion = 16.0.31019.35
MinimumVisualStudioVersion = 10.0.40219.1
Project("{FAE04EC0-301F-11D3-BF4B-00C04F79EFBC}") = "SqlserverConnect", "SqlserverConnect\SqlserverConnect.csproj", "{626D7462-3E7B-4F51-A7E2-C885848215D1}"
EndProject
Global
	GlobalSection(SolutionConfigurationPlatforms) = preSolution
		Debug|Any CPU = Debug|Any CPU
		Release|Any CPU = Release|Any CPU
	EndGlobalSection
	GlobalSection(ProjectConfigurationPlatforms) = postSolution
		{626D7462-3E7B-4F51-A7E2-C885848215D1}.Debug|Any CPU.ActiveCfg = Debug|Any CPU
		{626D7462-3E7B-4F51-A7E2-C885848215D1}.Debug|Any CPU.Build.0 = Debug|Any CPU
		{626D7462-3E7B-4F51-A7E2-C885848215D1}.Release|Any CPU.ActiveCfg = Release|Any CPU
		{626D7462-3E7B-4F51-A7E2-C885848215D1}.Release|Any CPU.Build.0 = Release|Any CPU
	EndGlobalSection
	GlobalSection(SolutionProperties) = preSolution
		HideSolutionNode = FALSE
	EndGlobalSection
	GlobalSection(ExtensibilityGlobals) = postSolution
		SolutionGuid = {F766B7AA-00E5-4CB7-AA77-E4EC892682B2}
	EndGlobalSection
EndGlobal
