
Microsoft Visual Studio Solution File, Format Version 12.00
# Visual Studio Version 17
VisualStudioVersion = 17.4.33205.214
MinimumVisualStudioVersion = 10.0.40219.1
Project("{9A19103F-16F7-4668-BE54-9A1E7A4F7556}") = "lx.eshop.business", "lx.eshop.business\lx.eshop.business.csproj", "{A940D547-E077-4F20-890B-D2F09221ADC6}"
EndProject
Project("{FAE04EC0-301F-11D3-BF4B-00C04F79EFBC}") = "lx.webapi", "lx.webapi\lx.webapi.csproj", "{6F272CFF-D1AD-436B-ACE0-29B3F7EBB667}"
EndProject
Project("{FAE04EC0-301F-11D3-BF4B-00C04F79EFBC}") = "lx.eshop.models", "lx.eshop.models\lx.eshop.models.csproj", "{2B026E29-066B-44F2-87D2-089757698998}"
EndProject
Global
	GlobalSection(SolutionConfigurationPlatforms) = preSolution
		Debug|Any CPU = Debug|Any CPU
		Release|Any CPU = Release|Any CPU
	EndGlobalSection
	GlobalSection(ProjectConfigurationPlatforms) = postSolution
		{A940D547-E077-4F20-890B-D2F09221ADC6}.Debug|Any CPU.ActiveCfg = Debug|Any CPU
		{A940D547-E077-4F20-890B-D2F09221ADC6}.Debug|Any CPU.Build.0 = Debug|Any CPU
		{A940D547-E077-4F20-890B-D2F09221ADC6}.Release|Any CPU.ActiveCfg = Release|Any CPU
		{A940D547-E077-4F20-890B-D2F09221ADC6}.Release|Any CPU.Build.0 = Release|Any CPU
		{6F272CFF-D1AD-436B-ACE0-29B3F7EBB667}.Debug|Any CPU.ActiveCfg = Debug|Any CPU
		{6F272CFF-D1AD-436B-ACE0-29B3F7EBB667}.Debug|Any CPU.Build.0 = Debug|Any CPU
		{6F272CFF-D1AD-436B-ACE0-29B3F7EBB667}.Release|Any CPU.ActiveCfg = Release|Any CPU
		{6F272CFF-D1AD-436B-ACE0-29B3F7EBB667}.Release|Any CPU.Build.0 = Release|Any CPU
		{2B026E29-066B-44F2-87D2-089757698998}.Debug|Any CPU.ActiveCfg = Debug|Any CPU
		{2B026E29-066B-44F2-87D2-089757698998}.Debug|Any CPU.Build.0 = Debug|Any CPU
		{2B026E29-066B-44F2-87D2-089757698998}.Release|Any CPU.ActiveCfg = Release|Any CPU
		{2B026E29-066B-44F2-87D2-089757698998}.Release|Any CPU.Build.0 = Release|Any CPU
	EndGlobalSection
	GlobalSection(SolutionProperties) = preSolution
		HideSolutionNode = FALSE
	EndGlobalSection
	GlobalSection(ExtensibilityGlobals) = postSolution
		SolutionGuid = {86B861FA-9139-431E-8BCB-817ED3687631}
	EndGlobalSection
EndGlobal
