
Microsoft Visual Studio Solution File, Format Version 12.00
# Visual Studio Version 17
VisualStudioVersion = 17.3.32825.248
MinimumVisualStudioVersion = 10.0.40219.1
Project("{9A19103F-16F7-4668-BE54-9A1E7A4F7556}") = "HostingStartupApp", "HostingStartupApp.csproj", "{1906A22B-8A6A-4F9F-904A-FC6982809393}"
EndProject
Global
	GlobalSection(SolutionConfigurationPlatforms) = preSolution
		Debug|Any CPU = Debug|Any CPU
		Release|Any CPU = Release|Any CPU
	EndGlobalSection
	GlobalSection(ProjectConfigurationPlatforms) = postSolution
		{1906A22B-8A6A-4F9F-904A-FC6982809393}.Debug|Any CPU.ActiveCfg = Debug|Any CPU
		{1906A22B-8A6A-4F9F-904A-FC6982809393}.Debug|Any CPU.Build.0 = Debug|Any CPU
		{1906A22B-8A6A-4F9F-904A-FC6982809393}.Release|Any CPU.ActiveCfg = Release|Any CPU
		{1906A22B-8A6A-4F9F-904A-FC6982809393}.Release|Any CPU.Build.0 = Release|Any CPU
	EndGlobalSection
	GlobalSection(SolutionProperties) = preSolution
		HideSolutionNode = FALSE
	EndGlobalSection
	GlobalSection(ExtensibilityGlobals) = postSolution
		SolutionGuid = {38892947-2693-4F8E-B0E8-F3C98EEDB216}
	EndGlobalSection
EndGlobal
