
Microsoft Visual Studio Solution File, Format Version 12.00
# Visual Studio Version 17
VisualStudioVersion = 17.0.31710.8
MinimumVisualStudioVersion = 10.0.40219.1
Project("{9A19103F-16F7-4668-BE54-9A1E7A4F7556}") = "ConsoleApp", "ConsoleApp\ConsoleApp.csproj", "{B8227EF4-4B9A-4E48-9604-187DE8868FE7}"
EndProject
Project("{FAE04EC0-301F-11D3-BF4B-00C04F79EFBC}") = "CallContextTest", "CallContext\CallContextTest.csproj", "{0FF8C3AD-B955-4884-928B-9744733CB499}"
EndProject
Project("{FAE04EC0-301F-11D3-BF4B-00C04F79EFBC}") = "Test", "Test\Test.csproj", "{A5D4E34A-77BC-4C49-BDCC-A047F393DC6B}"
EndProject
Global
	GlobalSection(SolutionConfigurationPlatforms) = preSolution
		Debug|Any CPU = Debug|Any CPU
		Release|Any CPU = Release|Any CPU
	EndGlobalSection
	GlobalSection(ProjectConfigurationPlatforms) = postSolution
		{B8227EF4-4B9A-4E48-9604-187DE8868FE7}.Debug|Any CPU.ActiveCfg = Debug|Any CPU
		{B8227EF4-4B9A-4E48-9604-187DE8868FE7}.Debug|Any CPU.Build.0 = Debug|Any CPU
		{B8227EF4-4B9A-4E48-9604-187DE8868FE7}.Release|Any CPU.ActiveCfg = Release|Any CPU
		{B8227EF4-4B9A-4E48-9604-187DE8868FE7}.Release|Any CPU.Build.0 = Release|Any CPU
		{0FF8C3AD-B955-4884-928B-9744733CB499}.Debug|Any CPU.ActiveCfg = Debug|Any CPU
		{0FF8C3AD-B955-4884-928B-9744733CB499}.Debug|Any CPU.Build.0 = Debug|Any CPU
		{0FF8C3AD-B955-4884-928B-9744733CB499}.Release|Any CPU.ActiveCfg = Release|Any CPU
		{0FF8C3AD-B955-4884-928B-9744733CB499}.Release|Any CPU.Build.0 = Release|Any CPU
		{A5D4E34A-77BC-4C49-BDCC-A047F393DC6B}.Debug|Any CPU.ActiveCfg = Debug|Any CPU
		{A5D4E34A-77BC-4C49-BDCC-A047F393DC6B}.Debug|Any CPU.Build.0 = Debug|Any CPU
		{A5D4E34A-77BC-4C49-BDCC-A047F393DC6B}.Release|Any CPU.ActiveCfg = Release|Any CPU
		{A5D4E34A-77BC-4C49-BDCC-A047F393DC6B}.Release|Any CPU.Build.0 = Release|Any CPU
	EndGlobalSection
	GlobalSection(SolutionProperties) = preSolution
		HideSolutionNode = FALSE
	EndGlobalSection
	GlobalSection(ExtensibilityGlobals) = postSolution
		SolutionGuid = {831DFB7B-C7CE-47E0-847D-0F6CD5D63617}
	EndGlobalSection
EndGlobal
