
Microsoft Visual Studio Solution File, Format Version 12.00
# Visual Studio Version 17
VisualStudioVersion = 17.0.31919.166
MinimumVisualStudioVersion = 10.0.40219.1
Project("{FAE04EC0-301F-11D3-BF4B-00C04F79EFBC}") = "DynamicWebApi", "DynamicWebApi\DynamicWebApi.csproj", "{A6C86DBA-FBB7-46E0-85B0-79F4ECEFA94E}"
EndProject
Global
	GlobalSection(SolutionConfigurationPlatforms) = preSolution
		Debug|Any CPU = Debug|Any CPU
		Release|Any CPU = Release|Any CPU
	EndGlobalSection
	GlobalSection(ProjectConfigurationPlatforms) = postSolution
		{A6C86DBA-FBB7-46E0-85B0-79F4ECEFA94E}.Debug|Any CPU.ActiveCfg = Debug|Any CPU
		{A6C86DBA-FBB7-46E0-85B0-79F4ECEFA94E}.Debug|Any CPU.Build.0 = Debug|Any CPU
		{A6C86DBA-FBB7-46E0-85B0-79F4ECEFA94E}.Release|Any CPU.ActiveCfg = Release|Any CPU
		{A6C86DBA-FBB7-46E0-85B0-79F4ECEFA94E}.Release|Any CPU.Build.0 = Release|Any CPU
	EndGlobalSection
	GlobalSection(SolutionProperties) = preSolution
		HideSolutionNode = FALSE
	EndGlobalSection
	GlobalSection(ExtensibilityGlobals) = postSolution
		SolutionGuid = {0290F224-6298-4C0B-B96A-6D1A2F18E401}
	EndGlobalSection
EndGlobal
