
Microsoft Visual Studio Solution File, Format Version 12.00
# Visual Studio Version 17
VisualStudioVersion = 17.14.36203.30
MinimumVisualStudioVersion = 10.0.40219.1
Project("{FAE04EC0-301F-11D3-BF4B-00C04F79EFBC}") = "AiAgent", "Agent\AiAgent.csproj", "{29E770D3-B0A7-4301-CA81-B73EF2101AF7}"
EndProject
Project("{FAE04EC0-301F-11D3-BF4B-00C04F79EFBC}") = "VSAIPlugin", "VSAIPlugin\VSAIPlugin.csproj", "{11151BFF-26C5-4495-AAF8-24B1CFF3BB92}"
EndProject
Global
	GlobalSection(SolutionConfigurationPlatforms) = preSolution
		Debug|Any CPU = Debug|Any CPU
		Release|Any CPU = Release|Any CPU
	EndGlobalSection
	GlobalSection(ProjectConfigurationPlatforms) = postSolution
		{29E770D3-B0A7-4301-CA81-B73EF2101AF7}.Debug|Any CPU.ActiveCfg = Debug|Any CPU
		{29E770D3-B0A7-4301-CA81-B73EF2101AF7}.Debug|Any CPU.Build.0 = Debug|Any CPU
		{29E770D3-B0A7-4301-CA81-B73EF2101AF7}.Release|Any CPU.ActiveCfg = Release|Any CPU
		{29E770D3-B0A7-4301-CA81-B73EF2101AF7}.Release|Any CPU.Build.0 = Release|Any CPU
		{11151BFF-26C5-4495-AAF8-24B1CFF3BB92}.Debug|Any CPU.ActiveCfg = Debug|Any CPU
		{11151BFF-26C5-4495-AAF8-24B1CFF3BB92}.Debug|Any CPU.Build.0 = Debug|Any CPU
		{11151BFF-26C5-4495-AAF8-24B1CFF3BB92}.Release|Any CPU.ActiveCfg = Release|Any CPU
		{11151BFF-26C5-4495-AAF8-24B1CFF3BB92}.Release|Any CPU.Build.0 = Release|Any CPU
	EndGlobalSection
	GlobalSection(SolutionProperties) = preSolution
		HideSolutionNode = FALSE
	EndGlobalSection
	GlobalSection(ExtensibilityGlobals) = postSolution
		SolutionGuid = {92A88C9D-8F7C-43D0-A45E-5588C0C846C2}
	EndGlobalSection
EndGlobal
