Microsoft Visual Studio Solution File, Format Version 12.00
# Visual Studio Version 17
VisualStudioVersion = 17.5.2.0
MinimumVisualStudioVersion = 10.0.40219.1
Project("{FAE04EC0-301F-11D3-BF4B-00C04F79EFBC}") = "OllamaContext7Api", "OllamaContext7Api\OllamaContext7Api.csproj", "{DCB30B43-E702-9982-5456-3DA2C0C4A67E}"
EndProject
Project("{FAE04EC0-301F-11D3-BF4B-00C04F79EFBC}") = "context7Demo", "context7Demo\context7Demo.csproj", "{210A0DE4-D6DE-4C21-AC52-7014EBD42996}"
EndProject
Global
	GlobalSection(SolutionConfigurationPlatforms) = preSolution
		Debug|Any CPU = Debug|Any CPU
		Release|Any CPU = Release|Any CPU
	EndGlobalSection
	GlobalSection(ProjectConfigurationPlatforms) = postSolution
		{DCB30B43-E702-9982-5456-3DA2C0C4A67E}.Debug|Any CPU.ActiveCfg = Debug|Any CPU
		{DCB30B43-E702-9982-5456-3DA2C0C4A67E}.Debug|Any CPU.Build.0 = Debug|Any CPU
		{DCB30B43-E702-9982-5456-3DA2C0C4A67E}.Release|Any CPU.ActiveCfg = Release|Any CPU
		{DCB30B43-E702-9982-5456-3DA2C0C4A67E}.Release|Any CPU.Build.0 = Release|Any CPU
		{210A0DE4-D6DE-4C21-AC52-7014EBD42996}.Debug|Any CPU.ActiveCfg = Debug|Any CPU
		{210A0DE4-D6DE-4C21-AC52-7014EBD42996}.Debug|Any CPU.Build.0 = Debug|Any CPU
		{210A0DE4-D6DE-4C21-AC52-7014EBD42996}.Release|Any CPU.ActiveCfg = Release|Any CPU
		{210A0DE4-D6DE-4C21-AC52-7014EBD42996}.Release|Any CPU.Build.0 = Release|Any CPU
	EndGlobalSection
	GlobalSection(SolutionProperties) = preSolution
		HideSolutionNode = FALSE
	EndGlobalSection
	GlobalSection(ExtensibilityGlobals) = postSolution
		SolutionGuid = {C6CAD580-26B2-4958-96F4-B3472B5C8094}
	EndGlobalSection
EndGlobal
