
Microsoft Visual Studio Solution File, Format Version 12.00
# Visual Studio Version 16
VisualStudioVersion = 16.0.30413.136
MinimumVisualStudioVersion = 10.0.40219.1
Project("{FAE04EC0-301F-11D3-BF4B-00C04F79EFBC}") = "HelloWorld", "HelloWorld\HelloWorld.csproj", "{5BCD8697-8B13-451D-AED0-6B6EC1E745D9}"
EndProject
Global
	GlobalSection(SolutionConfigurationPlatforms) = preSolution
		Debug|Any CPU = Debug|Any CPU
		Release|Any CPU = Release|Any CPU
	EndGlobalSection
	GlobalSection(ProjectConfigurationPlatforms) = postSolution
		{5BCD8697-8B13-451D-AED0-6B6EC1E745D9}.Debug|Any CPU.ActiveCfg = Debug|Any CPU
		{5BCD8697-8B13-451D-AED0-6B6EC1E745D9}.Debug|Any CPU.Build.0 = Debug|Any CPU
		{5BCD8697-8B13-451D-AED0-6B6EC1E745D9}.Release|Any CPU.ActiveCfg = Release|Any CPU
		{5BCD8697-8B13-451D-AED0-6B6EC1E745D9}.Release|Any CPU.Build.0 = Release|Any CPU
	EndGlobalSection
	GlobalSection(SolutionProperties) = preSolution
		HideSolutionNode = FALSE
	EndGlobalSection
	GlobalSection(ExtensibilityGlobals) = postSolution
		SolutionGuid = {A3A3513E-1A30-4355-AA9A-0E742C772EF9}
	EndGlobalSection
EndGlobal
