
Microsoft Visual Studio Solution File, Format Version 12.00
# Visual Studio Version 17
VisualStudioVersion = 17.0.31903.59
MinimumVisualStudioVersion = 10.0.40219.1
Project("{9A19103F-16F7-4668-BE54-9A1E7A4F7556}") = "Sample.Grains.Interfaces", "Sample.Grains.Interfaces\Sample.Grains.Interfaces.csproj", "{D73C0BAE-0E6F-4E93-A5AF-58AFC0AE32EA}"
EndProject
Project("{9A19103F-16F7-4668-BE54-9A1E7A4F7556}") = "Sample.Grains", "Sample.Grains\Sample.Grains.csproj", "{AF6A43A0-EF72-4F9B-9833-0D98885577F9}"
EndProject
Project("{9A19103F-16F7-4668-BE54-9A1E7A4F7556}") = "Sample.Silo", "Sample.Silo\Sample.Silo.csproj", "{294199E2-E505-471F-AC32-742B0F26114D}"
EndProject
Project("{FAE04EC0-301F-11D3-BF4B-00C04F79EFBC}") = "Sample.ServerSide", "Sample.ServerSide\Sample.ServerSide.csproj", "{875140AC-3A38-4B8B-A528-47A7EA19AE2D}"
EndProject
Global
	GlobalSection(SolutionConfigurationPlatforms) = preSolution
		Debug|Any CPU = Debug|Any CPU
		Release|Any CPU = Release|Any CPU
	EndGlobalSection
	GlobalSection(ProjectConfigurationPlatforms) = postSolution
		{D73C0BAE-0E6F-4E93-A5AF-58AFC0AE32EA}.Debug|Any CPU.ActiveCfg = Debug|Any CPU
		{D73C0BAE-0E6F-4E93-A5AF-58AFC0AE32EA}.Debug|Any CPU.Build.0 = Debug|Any CPU
		{D73C0BAE-0E6F-4E93-A5AF-58AFC0AE32EA}.Release|Any CPU.ActiveCfg = Release|Any CPU
		{D73C0BAE-0E6F-4E93-A5AF-58AFC0AE32EA}.Release|Any CPU.Build.0 = Release|Any CPU
		{AF6A43A0-EF72-4F9B-9833-0D98885577F9}.Debug|Any CPU.ActiveCfg = Debug|Any CPU
		{AF6A43A0-EF72-4F9B-9833-0D98885577F9}.Debug|Any CPU.Build.0 = Debug|Any CPU
		{AF6A43A0-EF72-4F9B-9833-0D98885577F9}.Release|Any CPU.ActiveCfg = Release|Any CPU
		{AF6A43A0-EF72-4F9B-9833-0D98885577F9}.Release|Any CPU.Build.0 = Release|Any CPU
		{294199E2-E505-471F-AC32-742B0F26114D}.Debug|Any CPU.ActiveCfg = Debug|Any CPU
		{294199E2-E505-471F-AC32-742B0F26114D}.Debug|Any CPU.Build.0 = Debug|Any CPU
		{294199E2-E505-471F-AC32-742B0F26114D}.Release|Any CPU.ActiveCfg = Release|Any CPU
		{294199E2-E505-471F-AC32-742B0F26114D}.Release|Any CPU.Build.0 = Release|Any CPU
		{875140AC-3A38-4B8B-A528-47A7EA19AE2D}.Debug|Any CPU.ActiveCfg = Debug|Any CPU
		{875140AC-3A38-4B8B-A528-47A7EA19AE2D}.Debug|Any CPU.Build.0 = Debug|Any CPU
		{875140AC-3A38-4B8B-A528-47A7EA19AE2D}.Release|Any CPU.ActiveCfg = Release|Any CPU
		{875140AC-3A38-4B8B-A528-47A7EA19AE2D}.Release|Any CPU.Build.0 = Release|Any CPU
	EndGlobalSection
	GlobalSection(SolutionProperties) = preSolution
		HideSolutionNode = FALSE
	EndGlobalSection
	GlobalSection(ExtensibilityGlobals) = postSolution
		SolutionGuid = {B40F25D4-AB35-44F3-8F29-71A506FFB69E}
	EndGlobalSection
EndGlobal
